// !$*UTF8*$!
{
	archiveVersion = 1;
	classes = {
	};
	objectVersion = 46;
	objects = {

/* Begin PBXBuildFile section */
		9A88CDDE1D2497EC00FA1B88 /* AppDelegate.swift in Sources */ = {isa = PBXBuildFile; fileRef = 9A88CDDD1D2497EC00FA1B88 /* AppDelegate.swift */; };
		9A88CDE01D2497EC00FA1B88 /* ViewController.swift in Sources */ = {isa = PBXBuildFile; fileRef = 9A88CDDF1D2497EC00FA1B88 /* ViewController.swift */; };
		9A88CDE31D2497EC00FA1B88 /* Main.storyboard in Resources */ = {isa = PBXBuildFile; fileRef = 9A88CDE11D2497EC00FA1B88 /* Main.storyboard */; };
		9A88CDE51D2497EC00FA1B88 /* Assets.xcassets in Resources */ = {isa = PBXBuildFile; fileRef = 9A88CDE41D2497EC00FA1B88 /* Assets.xcassets */; };
		9A88CDE81D2497EC00FA1B88 /* LaunchScreen.storyboard in Resources */ = {isa = PBXBuildFile; fileRef = 9A88CDE61D2497EC00FA1B88 /* LaunchScreen.storyboard */; };
		9A88CDF31D2497EC00FA1B88 /* PrinterTests.swift in Sources */ = {isa = PBXBuildFile; fileRef = 9A88CDF21D2497EC00FA1B88 /* PrinterTests.swift */; };
/* End PBXBuildFile section */

/* Begin PBXContainerItemProxy section */
		9A88CDEF1D2497EC00FA1B88 /* PBXContainerItemProxy */ = {
			isa = PBXContainerItemProxy;
			containerPortal = 9A88CDD21D2497EC00FA1B88 /* Project object */;
			proxyType = 1;
			remoteGlobalIDString = 9A88CDD91D2497EC00FA1B88;
			remoteInfo = Printer;
		};
/* End PBXContainerItemProxy section */

/* Begin PBXFileReference section */
		9A88CDDA1D2497EC00FA1B88 /* Printer.app */ = {isa = PBXFileReference; explicitFileType = wrapper.application; includeInIndex = 0; path = Printer.app; sourceTree = BUILT_PRODUCTS_DIR; };
		9A88CDDD1D2497EC00FA1B88 /* AppDelegate.swift */ = {isa = PBXFileReference; lastKnownFileType = sourcecode.swift; path = AppDelegate.swift; sourceTree = "<group>"; };
		9A88CDDF1D2497EC00FA1B88 /* ViewController.swift */ = {isa = PBXFileReference; lastKnownFileType = sourcecode.swift; path = ViewController.swift; sourceTree = "<group>"; };
		9A88CDE21D2497EC00FA1B88 /* Base */ = {isa = PBXFileReference; lastKnownFileType = file.storyboard; name = Base; path = Base.lproj/Main.storyboard; sourceTree = "<group>"; };
		9A88CDE41D2497EC00FA1B88 /* Assets.xcassets */ = {isa = PBXFileReference; lastKnownFileType = folder.assetcatalog; path = Assets.xcassets; sourceTree = "<group>"; };
		9A88CDE71D2497EC00FA1B88 /* Base */ = {isa = PBXFileReference; lastKnownFileType = file.storyboard; name = Base; path = Base.lproj/LaunchScreen.storyboard; sourceTree = "<group>"; };
		9A88CDE91D2497EC00FA1B88 /* Info.plist */ = {isa = PBXFileReference; lastKnownFileType = text.plist.xml; path = Info.plist; sourceTree = "<group>"; };
		9A88CDEE1D2497EC00FA1B88 /* PrinterTests.xctest */ = {isa = PBXFileReference; explicitFileType = wrapper.cfbundle; includeInIndex = 0; path = PrinterTests.xctest; sourceTree = BUILT_PRODUCTS_DIR; };
		9A88CDF21D2497EC00FA1B88 /* PrinterTests.swift */ = {isa = PBXFileReference; lastKnownFileType = sourcecode.swift; path = PrinterTests.swift; sourceTree = "<group>"; };
		9A88CDF41D2497EC00FA1B88 /* Info.plist */ = {isa = PBXFileReference; lastKnownFileType = text.plist.xml; path = Info.plist; sourceTree = "<group>"; };
/* End PBXFileReference section */

/* Begin PBXFrameworksBuildPhase section */
		9A88CDD71D2497EC00FA1B88 /* Frameworks */ = {
			isa = PBXFrameworksBuildPhase;
			buildActionMask = 2147483647;
			files = (
			);
			runOnlyForDeploymentPostprocessing = 0;
		};
		9A88CDEB1D2497EC00FA1B88 /* Frameworks */ = {
			isa = PBXFrameworksBuildPhase;
			buildActionMask = 2147483647;
			files = (
			);
			runOnlyForDeploymentPostprocessing = 0;
		};
/* End PBXFrameworksBuildPhase section */

/* Begin PBXGroup section */
		9A88CDD11D2497EC00FA1B88 = {
			isa = PBXGroup;
			children = (
				9A88CDDC1D2497EC00FA1B88 /* Printer */,
				9A88CDF11D2497EC00FA1B88 /* PrinterTests */,
				9A88CDDB1D2497EC00FA1B88 /* Products */,
			);
			sourceTree = "<group>";
		};
		9A88CDDB1D2497EC00FA1B88 /* Products */ = {
			isa = PBXGroup;
			children = (
				9A88CDDA1D2497EC00FA1B88 /* Printer.app */,
				9A88CDEE1D2497EC00FA1B88 /* PrinterTests.xctest */,
			);
			name = Products;
			sourceTree = "<group>";
		};
		9A88CDDC1D2497EC00FA1B88 /* Printer */ = {
			isa = PBXGroup;
			children = (
				9A88CDDD1D2497EC00FA1B88 /* AppDelegate.swift */,
				9A88CDDF1D2497EC00FA1B88 /* ViewController.swift */,
				9A88CDE11D2497EC00FA1B88 /* Main.storyboard */,
				9A88CDE41D2497EC00FA1B88 /* Assets.xcassets */,
				9A88CDE61D2497EC00FA1B88 /* LaunchScreen.storyboard */,
				9A88CDE91D2497EC00FA1B88 /* Info.plist */,
			);
			path = Printer;
			sourceTree = "<group>";
		};
		9A88CDF11D2497EC00FA1B88 /* PrinterTests */ = {
			isa = PBXGroup;
			children = (
				9A88CDF21D2497EC00FA1B88 /* PrinterTests.swift */,
				9A88CDF41D2497EC00FA1B88 /* Info.plist */,
			);
			path = PrinterTests;
			sourceTree = "<group>";
		};
/* End PBXGroup section */

/* Begin PBXNativeTarget section */
		9A88CDD91D2497EC00FA1B88 /* Printer */ = {
			isa = PBXNativeTarget;
			buildConfigurationList = 9A88CDF71D2497EC00FA1B88 /* Build configuration list for PBXNativeTarget "Printer" */;
			buildPhases = (
				9A88CDD61D2497EC00FA1B88 /* Sources */,
				9A88CDD71D2497EC00FA1B88 /* Frameworks */,
				9A88CDD81D2497EC00FA1B88 /* Resources */,
			);
			buildRules = (
			);
			dependencies = (
			);
			name = Printer;
			productName = Printer;
			productReference = 9A88CDDA1D2497EC00FA1B88 /* Printer.app */;
			productType = "com.apple.product-type.application";
		};
		9A88CDED1D2497EC00FA1B88 /* PrinterTests */ = {
			isa = PBXNativeTarget;
			buildConfigurationList = 9A88CDFA1D2497EC00FA1B88 /* Build configuration list for PBXNativeTarget "PrinterTests" */;
			buildPhases = (
				9A88CDEA1D2497EC00FA1B88 /* Sources */,
				9A88CDEB1D2497EC00FA1B88 /* Frameworks */,
				9A88CDEC1D2497EC00FA1B88 /* Resources */,
			);
			buildRules = (
			);
			dependencies = (
				9A88CDF01D2497EC00FA1B88 /* PBXTargetDependency */,
			);
			name = PrinterTests;
			productName = PrinterTests;
			productReference = 9A88CDEE1D2497EC00FA1B88 /* PrinterTests.xctest */;
			productType = "com.apple.product-type.bundle.unit-test";
		};
/* End PBXNativeTarget section */

/* Begin PBXProject section */
		9A88CDD21D2497EC00FA1B88 /* Project object */ = {
			isa = PBXProject;
			attributes = {
				LastSwiftUpdateCheck = 0730;
				LastUpgradeCheck = 0730;
				ORGANIZATIONNAME = steve;
				TargetAttributes = {
					9A88CDD91D2497EC00FA1B88 = {
						CreatedOnToolsVersion = 7.3.1;
					};
					9A88CDED1D2497EC00FA1B88 = {
						CreatedOnToolsVersion = 7.3.1;
						TestTargetID = 9A88CDD91D2497EC00FA1B88;
					};
				};
			};
			buildConfigurationList = 9A88CDD51D2497EC00FA1B88 /* Build configuration list for PBXProject "Printer" */;
			compatibilityVersion = "Xcode 3.2";
			developmentRegion = English;
			hasScannedForEncodings = 0;
			knownRegions = (
				en,
				Base,
			);
			mainGroup = 9A88CDD11D2497EC00FA1B88;
			productRefGroup = 9A88CDDB1D2497EC00FA1B88 /* Products */;
			projectDirPath = "";
			projectRoot = "";
			targets = (
				9A88CDD91D2497EC00FA1B88 /* Printer */,
				9A88CDED1D2497EC00FA1B88 /* PrinterTests */,
			);
		};
/* End PBXProject section */

/* Begin PBXResourcesBuildPhase section */
		9A88CDD81D2497EC00FA1B88 /* Resources */ = {
			isa = PBXResourcesBuildPhase;
			buildActionMask = 2147483647;
			files = (
				9A88CDE81D2497EC00FA1B88 /* LaunchScreen.storyboard in Resources */,
				9A88CDE51D2497EC00FA1B88 /* Assets.xcassets in Resources */,
				9A88CDE31D2497EC00FA1B88 /* Main.storyboard in Resources */,
			);
			runOnlyForDeploymentPostprocessing = 0;
		};
		9A88CDEC1D2497EC00FA1B88 /* Resources */ = {
			isa = PBXResourcesBuildPhase;
			buildActionMask = 2147483647;
			files = (
			);
			runOnlyForDeploymentPostprocessing = 0;
		};
/* End PBXResourcesBuildPhase section */

/* Begin PBXSourcesBuildPhase section */
		9A88CDD61D2497EC00FA1B88 /* Sources */ = {
			isa = PBXSourcesBuildPhase;
			buildActionMask = 2147483647;
			files = (
				9A88CDE01D2497EC00FA1B88 /* ViewController.swift in Sources */,
				9A88CDDE1D2497EC00FA1B88 /* AppDelegate.swift in Sources */,
			);
			runOnlyForDeploymentPostprocessing = 0;
		};
		9A88CDEA1D2497EC00FA1B88 /* Sources */ = {
			isa = PBXSourcesBuildPhase;
			buildActionMask = 2147483647;
			files = (
				9A88CDF31D2497EC00FA1B88 /* PrinterTests.swift in Sources */,
			);
			runOnlyForDeploymentPostprocessing = 0;
		};
/* End PBXSourcesBuildPhase section */

/* Begin PBXTargetDependency section */
		9A88CDF01D2497EC00FA1B88 /* PBXTargetDependency */ = {
			isa = PBXTargetDependency;
			target = 9A88CDD91D2497EC00FA1B88 /* Printer */;
			targetProxy = 9A88CDEF1D2497EC00FA1B88 /* PBXContainerItemProxy */;
		};
/* End PBXTargetDependency section */

/* Begin PBXVariantGroup section */
		9A88CDE11D2497EC00FA1B88 /* Main.storyboard */ = {
			isa = PBXVariantGroup;
			children = (
				9A88CDE21D2497EC00FA1B88 /* Base */,
			);
			name = Main.storyboard;
			sourceTree = "<group>";
		};
		9A88CDE61D2497EC00FA1B88 /* LaunchScreen.storyboard */ = {
			isa = PBXVariantGroup;
			children = (
				9A88CDE71D2497EC00FA1B88 /* Base */,
			);
			name = LaunchScreen.storyboard;
			sourceTree = "<group>";
		};
/* End PBXVariantGroup section */

/* Begin XCBuildConfiguration section */
		9A88CDF51D2497EC00FA1B88 /* Debug */ = {
			isa = XCBuildConfiguration;
			buildSettings = {
				ALWAYS_SEARCH_USER_PATHS = NO;
				CLANG_ANALYZER_NONNULL = YES;
				CLANG_CXX_LANGUAGE_STANDARD = "gnu++0x";
				CLANG_CXX_LIBRARY = "libc++";
				CLANG_ENABLE_MODULES = YES;
				CLANG_ENABLE_OBJC_ARC = YES;
				CLANG_WARN_BOOL_CONVERSION = YES;
				CLANG_WARN_CONSTANT_CONVERSION = YES;
				CLANG_WARN_DIRECT_OBJC_ISA_USAGE = YES_ERROR;
				CLANG_WARN_EMPTY_BODY = YES;
				CLANG_WARN_ENUM_CONVERSION = YES;
				CLANG_WARN_INT_CONVERSION = YES;
				CLANG_WARN_OBJC_ROOT_CLASS = YES_ERROR;
				CLANG_WARN_UNREACHABLE_CODE = YES;
				CLANG_WARN__DUPLICATE_METHOD_MATCH = YES;
				"CODE_SIGN_IDENTITY[sdk=iphoneos*]" = "iPhone Developer";
				COPY_PHASE_STRIP = NO;
				DEBUG_INFORMATION_FORMAT = dwarf;
				ENABLE_STRICT_OBJC_MSGSEND = YES;
				ENABLE_TESTABILITY = YES;
				GCC_C_LANGUAGE_STANDARD = gnu99;
				GCC_DYNAMIC_NO_PIC = NO;
				GCC_NO_COMMON_BLOCKS = YES;
				GCC_OPTIMIZATION_LEVEL = 0;
				GCC_PREPROCESSOR_DEFINITIONS = (
					"DEBUG=1",
					"$(inherited)",
				);
				GCC_WARN_64_TO_32_BIT_CONVERSION = YES;
				GCC_WARN_ABOUT_RETURN_TYPE = YES_ERROR;
				GCC_WARN_UNDECLARED_SELECTOR = YES;
				GCC_WARN_UNINITIALIZED_AUTOS = YES_AGGRESSIVE;
				GCC_WARN_UNUSED_FUNCTION = YES;
				GCC_WARN_UNUSED_VARIABLE = YES;
				IPHONEOS_DEPLOYMENT_TARGET = 9.3;
				MTL_ENABLE_DEBUG_INFO = YES;
				ONLY_ACTIVE_ARCH = YES;
				SDKROOT = iphoneos;
				SWIFT_OPTIMIZATION_LEVEL = "-Onone";
			};
			name = Debug;
		};
		9A88CDF61D2497EC00FA1B88 /* Release */ = {
			isa = XCBuildConfiguration;
			buildSettings = {
				ALWAYS_SEARCH_USER_PATHS = NO;
				CLANG_ANALYZER_NONNULL = YES;
				CLANG_CXX_LANGUAGE_STANDARD = "gnu++0x";
				CLANG_CXX_LIBRARY = "libc++";
				CLANG_ENABLE_MODULES = YES;
				CLANG_ENABLE_OBJC_ARC = YES;
				CLANG_WARN_BOOL_CONVERSION = YES;
				CLANG_WARN_CONSTANT_CONVERSION = YES;
				CLANG_WARN_DIRECT_OBJC_ISA_USAGE = YES_ERROR;
				CLANG_WARN_EMPTY_BODY = YES;
				CLANG_WARN_ENUM_CONVERSION = YES;
				CLANG_WARN_INT_CONVERSION = YES;
				CLANG_WARN_OBJC_ROOT_CLASS = YES_ERROR;
				CLANG_WARN_UNREACHABLE_CODE = YES;
				CLANG_WARN__DUPLICATE_METHOD_MATCH = YES;
				"CODE_SIGN_IDENTITY[sdk=iphoneos*]" = "iPhone Developer";
				COPY_PHASE_STRIP = NO;
				DEBUG_INFORMATION_FORMAT = "dwarf-with-dsym";
				ENABLE_NS_ASSERTIONS = NO;
				ENABLE_STRICT_OBJC_MSGSEND = YES;
				GCC_C_LANGUAGE_STANDARD = gnu99;
				GCC_NO_COMMON_BLOCKS = YES;
				GCC_WARN_64_TO_32_BIT_CONVERSION = YES;
				GCC_WARN_ABOUT_RETURN_TYPE = YES_ERROR;
				GCC_WARN_UNDECLARED_SELECTOR = YES;
				GCC_WARN_UNINITIALIZED_AUTOS = YES_AGGRESSIVE;
				GCC_WARN_UNUSED_FUNCTION = YES;
				GCC_WARN_UNUSED_VARIABLE = YES;
				IPHONEOS_DEPLOYMENT_TARGET = 9.3;
				MTL_ENABLE_DEBUG_INFO = NO;
				SDKROOT = iphoneos;
				VALIDATE_PRODUCT = YES;
			};
			name = Release;
		};
		9A88CDF81D2497EC00FA1B88 /* Debug */ = {
			isa = XCBuildConfiguration;
			buildSettings = {
				ASSETCATALOG_COMPILER_APPICON_NAME = AppIcon;
				INFOPLIST_FILE = Printer/Info.plist;
				LD_RUNPATH_SEARCH_PATHS = "$(inherited) @executable_path/Frameworks";
				PRODUCT_BUNDLE_IDENTIFIER = com.tursi.Printer;
				PRODUCT_NAME = "$(TARGET_NAME)";
			};
			name = Debug;
		};
		9A88CDF91D2497EC00FA1B88 /* Release */ = {
			isa = XCBuildConfiguration;
			buildSettings = {
				ASSETCATALOG_COMPILER_APPICON_NAME = AppIcon;
				INFOPLIST_FILE = Printer/Info.plist;
				LD_RUNPATH_SEARCH_PATHS = "$(inherited) @executable_path/Frameworks";
				PRODUCT_BUNDLE_IDENTIFIER = com.tursi.Printer;
				PRODUCT_NAME = "$(TARGET_NAME)";
			};
			name = Release;
		};
		9A88CDFB1D2497EC00FA1B88 /* Debug */ = {
			isa = XCBuildConfiguration;
			buildSettings = {
				BUNDLE_LOADER = "$(TEST_HOST)";
				INFOPLIST_FILE = PrinterTests/Info.plist;
				LD_RUNPATH_SEARCH_PATHS = "$(inherited) @executable_path/Frameworks @loader_path/Frameworks";
				PRODUCT_BUNDLE_IDENTIFIER = com.tursi.PrinterTests;
				PRODUCT_NAME = "$(TARGET_NAME)";
				TEST_HOST = "$(BUILT_PRODUCTS_DIR)/Printer.app/Printer";
			};
			name = Debug;
		};
		9A88CDFC1D2497EC00FA1B88 /* Release */ = {
			isa = XCBuildConfiguration;
			buildSettings = {
				BUNDLE_LOADER = "$(TEST_HOST)";
				INFOPLIST_FILE = PrinterTests/Info.plist;
				LD_RUNPATH_SEARCH_PATHS = "$(inherited) @executable_path/Frameworks @loader_path/Frameworks";
				PRODUCT_BUNDLE_IDENTIFIER = com.tursi.PrinterTests;
				PRODUCT_NAME = "$(TARGET_NAME)";
				TEST_HOST = "$(BUILT_PRODUCTS_DIR)/Printer.app/Printer";
			};
			name = Release;
		};
/* End XCBuildConfiguration section */

/* Begin XCConfigurationList section */
		9A88CDD51D2497EC00FA1B88 /* Build configuration list for PBXProject "Printer" */ = {
			isa = XCConfigurationList;
			buildConfigurations = (
				9A88CDF51D2497EC00FA1B88 /* Debug */,
				9A88CDF61D2497EC00FA1B88 /* Release */,
			);
			defaultConfigurationIsVisible = 0;
			defaultConfigurationName = Release;
		};
		9A88CDF71D2497EC00FA1B88 /* Build configuration list for PBXNativeTarget "Printer" */ = {
			isa = XCConfigurationList;
			buildConfigurations = (
				9A88CDF81D2497EC00FA1B88 /* Debug */,
				9A88CDF91D2497EC00FA1B88 /* Release */,
			);
			defaultConfigurationIsVisible = 0;
		};
		9A88CDFA1D2497EC00FA1B88 /* Build configuration list for PBXNativeTarget "PrinterTests" */ = {
			isa = XCConfigurationList;
			buildConfigurations = (
				9A88CDFB1D2497EC00FA1B88 /* Debug */,
				9A88CDFC1D2497EC00FA1B88 /* Release */,
			);
			defaultConfigurationIsVisible = 0;
		};
/* End XCConfigurationList section */
	};
	rootObject = 9A88CDD21D2497EC00FA1B88 /* Project object */;
}
