// !$*UTF8*$!
{
	archiveVersion = 1;
	classes = {
	};
	objectVersion = 46;
	objects = {

/* Begin PBXBuildFile section */
		9A1FC1011D4038A100E41140 /* AppDelegate.swift in Sources */ = {isa = PBXBuildFile; fileRef = 9A1FC1001D4038A100E41140 /* AppDelegate.swift */; };
		9A1FC1031D4038A100E41140 /* ViewController.swift in Sources */ = {isa = PBXBuildFile; fileRef = 9A1FC1021D4038A100E41140 /* ViewController.swift */; };
		9A1FC1061D4038A100E41140 /* Main.storyboard in Resources */ = {isa = PBXBuildFile; fileRef = 9A1FC1041D4038A100E41140 /* Main.storyboard */; };
		9A1FC1081D4038A100E41140 /* Assets.xcassets in Resources */ = {isa = PBXBuildFile; fileRef = 9A1FC1071D4038A100E41140 /* Assets.xcassets */; };
		9A1FC10B1D4038A100E41140 /* LaunchScreen.storyboard in Resources */ = {isa = PBXBuildFile; fileRef = 9A1FC1091D4038A100E41140 /* LaunchScreen.storyboard */; };
		9A1FC1161D4038A100E41140 /* ControlAndGestureTests.swift in Sources */ = {isa = PBXBuildFile; fileRef = 9A1FC1151D4038A100E41140 /* ControlAndGestureTests.swift */; };
/* End PBXBuildFile section */

/* Begin PBXContainerItemProxy section */
		9A1FC1121D4038A100E41140 /* PBXContainerItemProxy */ = {
			isa = PBXContainerItemProxy;
			containerPortal = 9A1FC0F51D4038A100E41140 /* Project object */;
			proxyType = 1;
			remoteGlobalIDString = 9A1FC0FC1D4038A100E41140;
			remoteInfo = ControlAndGesture;
		};
/* End PBXContainerItemProxy section */

/* Begin PBXFileReference section */
		9A1FC0FD1D4038A100E41140 /* ControlAndGesture.app */ = {isa = PBXFileReference; explicitFileType = wrapper.application; includeInIndex = 0; path = ControlAndGesture.app; sourceTree = BUILT_PRODUCTS_DIR; };
		9A1FC1001D4038A100E41140 /* AppDelegate.swift */ = {isa = PBXFileReference; lastKnownFileType = sourcecode.swift; path = AppDelegate.swift; sourceTree = "<group>"; };
		9A1FC1021D4038A100E41140 /* ViewController.swift */ = {isa = PBXFileReference; lastKnownFileType = sourcecode.swift; path = ViewController.swift; sourceTree = "<group>"; };
		9A1FC1051D4038A100E41140 /* Base */ = {isa = PBXFileReference; lastKnownFileType = file.storyboard; name = Base; path = Base.lproj/Main.storyboard; sourceTree = "<group>"; };
		9A1FC1071D4038A100E41140 /* Assets.xcassets */ = {isa = PBXFileReference; lastKnownFileType = folder.assetcatalog; path = Assets.xcassets; sourceTree = "<group>"; };
		9A1FC10A1D4038A100E41140 /* Base */ = {isa = PBXFileReference; lastKnownFileType = file.storyboard; name = Base; path = Base.lproj/LaunchScreen.storyboard; sourceTree = "<group>"; };
		9A1FC10C1D4038A100E41140 /* Info.plist */ = {isa = PBXFileReference; lastKnownFileType = text.plist.xml; path = Info.plist; sourceTree = "<group>"; };
		9A1FC1111D4038A100E41140 /* ControlAndGestureTests.xctest */ = {isa = PBXFileReference; explicitFileType = wrapper.cfbundle; includeInIndex = 0; path = ControlAndGestureTests.xctest; sourceTree = BUILT_PRODUCTS_DIR; };
		9A1FC1151D4038A100E41140 /* ControlAndGestureTests.swift */ = {isa = PBXFileReference; lastKnownFileType = sourcecode.swift; path = ControlAndGestureTests.swift; sourceTree = "<group>"; };
		9A1FC1171D4038A100E41140 /* Info.plist */ = {isa = PBXFileReference; lastKnownFileType = text.plist.xml; path = Info.plist; sourceTree = "<group>"; };
/* End PBXFileReference section */

/* Begin PBXFrameworksBuildPhase section */
		9A1FC0FA1D4038A100E41140 /* Frameworks */ = {
			isa = PBXFrameworksBuildPhase;
			buildActionMask = 2147483647;
			files = (
			);
			runOnlyForDeploymentPostprocessing = 0;
		};
		9A1FC10E1D4038A100E41140 /* Frameworks */ = {
			isa = PBXFrameworksBuildPhase;
			buildActionMask = 2147483647;
			files = (
			);
			runOnlyForDeploymentPostprocessing = 0;
		};
/* End PBXFrameworksBuildPhase section */

/* Begin PBXGroup section */
		9A1FC0F41D4038A100E41140 = {
			isa = PBXGroup;
			children = (
				9A1FC0FF1D4038A100E41140 /* ControlAndGesture */,
				9A1FC1141D4038A100E41140 /* ControlAndGestureTests */,
				9A1FC0FE1D4038A100E41140 /* Products */,
			);
			sourceTree = "<group>";
		};
		9A1FC0FE1D4038A100E41140 /* Products */ = {
			isa = PBXGroup;
			children = (
				9A1FC0FD1D4038A100E41140 /* ControlAndGesture.app */,
				9A1FC1111D4038A100E41140 /* ControlAndGestureTests.xctest */,
			);
			name = Products;
			sourceTree = "<group>";
		};
		9A1FC0FF1D4038A100E41140 /* ControlAndGesture */ = {
			isa = PBXGroup;
			children = (
				9A1FC1001D4038A100E41140 /* AppDelegate.swift */,
				9A1FC1021D4038A100E41140 /* ViewController.swift */,
				9A1FC1041D4038A100E41140 /* Main.storyboard */,
				9A1FC1071D4038A100E41140 /* Assets.xcassets */,
				9A1FC1091D4038A100E41140 /* LaunchScreen.storyboard */,
				9A1FC10C1D4038A100E41140 /* Info.plist */,
			);
			path = ControlAndGesture;
			sourceTree = "<group>";
		};
		9A1FC1141D4038A100E41140 /* ControlAndGestureTests */ = {
			isa = PBXGroup;
			children = (
				9A1FC1151D4038A100E41140 /* ControlAndGestureTests.swift */,
				9A1FC1171D4038A100E41140 /* Info.plist */,
			);
			path = ControlAndGestureTests;
			sourceTree = "<group>";
		};
/* End PBXGroup section */

/* Begin PBXNativeTarget section */
		9A1FC0FC1D4038A100E41140 /* ControlAndGesture */ = {
			isa = PBXNativeTarget;
			buildConfigurationList = 9A1FC11A1D4038A100E41140 /* Build configuration list for PBXNativeTarget "ControlAndGesture" */;
			buildPhases = (
				9A1FC0F91D4038A100E41140 /* Sources */,
				9A1FC0FA1D4038A100E41140 /* Frameworks */,
				9A1FC0FB1D4038A100E41140 /* Resources */,
			);
			buildRules = (
			);
			dependencies = (
			);
			name = ControlAndGesture;
			productName = ControlAndGesture;
			productReference = 9A1FC0FD1D4038A100E41140 /* ControlAndGesture.app */;
			productType = "com.apple.product-type.application";
		};
		9A1FC1101D4038A100E41140 /* ControlAndGestureTests */ = {
			isa = PBXNativeTarget;
			buildConfigurationList = 9A1FC11D1D4038A100E41140 /* Build configuration list for PBXNativeTarget "ControlAndGestureTests" */;
			buildPhases = (
				9A1FC10D1D4038A100E41140 /* Sources */,
				9A1FC10E1D4038A100E41140 /* Frameworks */,
				9A1FC10F1D4038A100E41140 /* Resources */,
			);
			buildRules = (
			);
			dependencies = (
				9A1FC1131D4038A100E41140 /* PBXTargetDependency */,
			);
			name = ControlAndGestureTests;
			productName = ControlAndGestureTests;
			productReference = 9A1FC1111D4038A100E41140 /* ControlAndGestureTests.xctest */;
			productType = "com.apple.product-type.bundle.unit-test";
		};
/* End PBXNativeTarget section */

/* Begin PBXProject section */
		9A1FC0F51D4038A100E41140 /* Project object */ = {
			isa = PBXProject;
			attributes = {
				LastSwiftUpdateCheck = 0730;
				LastUpgradeCheck = 0730;
				ORGANIZATIONNAME = steve;
				TargetAttributes = {
					9A1FC0FC1D4038A100E41140 = {
						CreatedOnToolsVersion = 7.3.1;
					};
					9A1FC1101D4038A100E41140 = {
						CreatedOnToolsVersion = 7.3.1;
						TestTargetID = 9A1FC0FC1D4038A100E41140;
					};
				};
			};
			buildConfigurationList = 9A1FC0F81D4038A100E41140 /* Build configuration list for PBXProject "ControlAndGesture" */;
			compatibilityVersion = "Xcode 3.2";
			developmentRegion = English;
			hasScannedForEncodings = 0;
			knownRegions = (
				en,
				Base,
			);
			mainGroup = 9A1FC0F41D4038A100E41140;
			productRefGroup = 9A1FC0FE1D4038A100E41140 /* Products */;
			projectDirPath = "";
			projectRoot = "";
			targets = (
				9A1FC0FC1D4038A100E41140 /* ControlAndGesture */,
				9A1FC1101D4038A100E41140 /* ControlAndGestureTests */,
			);
		};
/* End PBXProject section */

/* Begin PBXResourcesBuildPhase section */
		9A1FC0FB1D4038A100E41140 /* Resources */ = {
			isa = PBXResourcesBuildPhase;
			buildActionMask = 2147483647;
			files = (
				9A1FC10B1D4038A100E41140 /* LaunchScreen.storyboard in Resources */,
				9A1FC1081D4038A100E41140 /* Assets.xcassets in Resources */,
				9A1FC1061D4038A100E41140 /* Main.storyboard in Resources */,
			);
			runOnlyForDeploymentPostprocessing = 0;
		};
		9A1FC10F1D4038A100E41140 /* Resources */ = {
			isa = PBXResourcesBuildPhase;
			buildActionMask = 2147483647;
			files = (
			);
			runOnlyForDeploymentPostprocessing = 0;
		};
/* End PBXResourcesBuildPhase section */

/* Begin PBXSourcesBuildPhase section */
		9A1FC0F91D4038A100E41140 /* Sources */ = {
			isa = PBXSourcesBuildPhase;
			buildActionMask = 2147483647;
			files = (
				9A1FC1031D4038A100E41140 /* ViewController.swift in Sources */,
				9A1FC1011D4038A100E41140 /* AppDelegate.swift in Sources */,
			);
			runOnlyForDeploymentPostprocessing = 0;
		};
		9A1FC10D1D4038A100E41140 /* Sources */ = {
			isa = PBXSourcesBuildPhase;
			buildActionMask = 2147483647;
			files = (
				9A1FC1161D4038A100E41140 /* ControlAndGestureTests.swift in Sources */,
			);
			runOnlyForDeploymentPostprocessing = 0;
		};
/* End PBXSourcesBuildPhase section */

/* Begin PBXTargetDependency section */
		9A1FC1131D4038A100E41140 /* PBXTargetDependency */ = {
			isa = PBXTargetDependency;
			target = 9A1FC0FC1D4038A100E41140 /* ControlAndGesture */;
			targetProxy = 9A1FC1121D4038A100E41140 /* PBXContainerItemProxy */;
		};
/* End PBXTargetDependency section */

/* Begin PBXVariantGroup section */
		9A1FC1041D4038A100E41140 /* Main.storyboard */ = {
			isa = PBXVariantGroup;
			children = (
				9A1FC1051D4038A100E41140 /* Base */,
			);
			name = Main.storyboard;
			sourceTree = "<group>";
		};
		9A1FC1091D4038A100E41140 /* LaunchScreen.storyboard */ = {
			isa = PBXVariantGroup;
			children = (
				9A1FC10A1D4038A100E41140 /* Base */,
			);
			name = LaunchScreen.storyboard;
			sourceTree = "<group>";
		};
/* End PBXVariantGroup section */

/* Begin XCBuildConfiguration section */
		9A1FC1181D4038A100E41140 /* Debug */ = {
			isa = XCBuildConfiguration;
			buildSettings = {
				ALWAYS_SEARCH_USER_PATHS = NO;
				CLANG_ANALYZER_NONNULL = YES;
				CLANG_CXX_LANGUAGE_STANDARD = "gnu++0x";
				CLANG_CXX_LIBRARY = "libc++";
				CLANG_ENABLE_MODULES = YES;
				CLANG_ENABLE_OBJC_ARC = YES;
				CLANG_WARN_BOOL_CONVERSION = YES;
				CLANG_WARN_CONSTANT_CONVERSION = YES;
				CLANG_WARN_DIRECT_OBJC_ISA_USAGE = YES_ERROR;
				CLANG_WARN_EMPTY_BODY = YES;
				CLANG_WARN_ENUM_CONVERSION = YES;
				CLANG_WARN_INT_CONVERSION = YES;
				CLANG_WARN_OBJC_ROOT_CLASS = YES_ERROR;
				CLANG_WARN_UNREACHABLE_CODE = YES;
				CLANG_WARN__DUPLICATE_METHOD_MATCH = YES;
				"CODE_SIGN_IDENTITY[sdk=iphoneos*]" = "iPhone Developer";
				COPY_PHASE_STRIP = NO;
				DEBUG_INFORMATION_FORMAT = dwarf;
				ENABLE_STRICT_OBJC_MSGSEND = YES;
				ENABLE_TESTABILITY = YES;
				GCC_C_LANGUAGE_STANDARD = gnu99;
				GCC_DYNAMIC_NO_PIC = NO;
				GCC_NO_COMMON_BLOCKS = YES;
				GCC_OPTIMIZATION_LEVEL = 0;
				GCC_PREPROCESSOR_DEFINITIONS = (
					"DEBUG=1",
					"$(inherited)",
				);
				GCC_WARN_64_TO_32_BIT_CONVERSION = YES;
				GCC_WARN_ABOUT_RETURN_TYPE = YES_ERROR;
				GCC_WARN_UNDECLARED_SELECTOR = YES;
				GCC_WARN_UNINITIALIZED_AUTOS = YES_AGGRESSIVE;
				GCC_WARN_UNUSED_FUNCTION = YES;
				GCC_WARN_UNUSED_VARIABLE = YES;
				IPHONEOS_DEPLOYMENT_TARGET = 9.3;
				MTL_ENABLE_DEBUG_INFO = YES;
				ONLY_ACTIVE_ARCH = YES;
				SDKROOT = iphoneos;
				SWIFT_OPTIMIZATION_LEVEL = "-Onone";
			};
			name = Debug;
		};
		9A1FC1191D4038A100E41140 /* Release */ = {
			isa = XCBuildConfiguration;
			buildSettings = {
				ALWAYS_SEARCH_USER_PATHS = NO;
				CLANG_ANALYZER_NONNULL = YES;
				CLANG_CXX_LANGUAGE_STANDARD = "gnu++0x";
				CLANG_CXX_LIBRARY = "libc++";
				CLANG_ENABLE_MODULES = YES;
				CLANG_ENABLE_OBJC_ARC = YES;
				CLANG_WARN_BOOL_CONVERSION = YES;
				CLANG_WARN_CONSTANT_CONVERSION = YES;
				CLANG_WARN_DIRECT_OBJC_ISA_USAGE = YES_ERROR;
				CLANG_WARN_EMPTY_BODY = YES;
				CLANG_WARN_ENUM_CONVERSION = YES;
				CLANG_WARN_INT_CONVERSION = YES;
				CLANG_WARN_OBJC_ROOT_CLASS = YES_ERROR;
				CLANG_WARN_UNREACHABLE_CODE = YES;
				CLANG_WARN__DUPLICATE_METHOD_MATCH = YES;
				"CODE_SIGN_IDENTITY[sdk=iphoneos*]" = "iPhone Developer";
				COPY_PHASE_STRIP = NO;
				DEBUG_INFORMATION_FORMAT = "dwarf-with-dsym";
				ENABLE_NS_ASSERTIONS = NO;
				ENABLE_STRICT_OBJC_MSGSEND = YES;
				GCC_C_LANGUAGE_STANDARD = gnu99;
				GCC_NO_COMMON_BLOCKS = YES;
				GCC_WARN_64_TO_32_BIT_CONVERSION = YES;
				GCC_WARN_ABOUT_RETURN_TYPE = YES_ERROR;
				GCC_WARN_UNDECLARED_SELECTOR = YES;
				GCC_WARN_UNINITIALIZED_AUTOS = YES_AGGRESSIVE;
				GCC_WARN_UNUSED_FUNCTION = YES;
				GCC_WARN_UNUSED_VARIABLE = YES;
				IPHONEOS_DEPLOYMENT_TARGET = 9.3;
				MTL_ENABLE_DEBUG_INFO = NO;
				SDKROOT = iphoneos;
				VALIDATE_PRODUCT = YES;
			};
			name = Release;
		};
		9A1FC11B1D4038A100E41140 /* Debug */ = {
			isa = XCBuildConfiguration;
			buildSettings = {
				ASSETCATALOG_COMPILER_APPICON_NAME = AppIcon;
				INFOPLIST_FILE = ControlAndGesture/Info.plist;
				LD_RUNPATH_SEARCH_PATHS = "$(inherited) @executable_path/Frameworks";
				PRODUCT_BUNDLE_IDENTIFIER = com.tursi.ControlAndGesture;
				PRODUCT_NAME = "$(TARGET_NAME)";
			};
			name = Debug;
		};
		9A1FC11C1D4038A100E41140 /* Release */ = {
			isa = XCBuildConfiguration;
			buildSettings = {
				ASSETCATALOG_COMPILER_APPICON_NAME = AppIcon;
				INFOPLIST_FILE = ControlAndGesture/Info.plist;
				LD_RUNPATH_SEARCH_PATHS = "$(inherited) @executable_path/Frameworks";
				PRODUCT_BUNDLE_IDENTIFIER = com.tursi.ControlAndGesture;
				PRODUCT_NAME = "$(TARGET_NAME)";
			};
			name = Release;
		};
		9A1FC11E1D4038A100E41140 /* Debug */ = {
			isa = XCBuildConfiguration;
			buildSettings = {
				BUNDLE_LOADER = "$(TEST_HOST)";
				INFOPLIST_FILE = ControlAndGestureTests/Info.plist;
				LD_RUNPATH_SEARCH_PATHS = "$(inherited) @executable_path/Frameworks @loader_path/Frameworks";
				PRODUCT_BUNDLE_IDENTIFIER = com.tursi.ControlAndGestureTests;
				PRODUCT_NAME = "$(TARGET_NAME)";
				TEST_HOST = "$(BUILT_PRODUCTS_DIR)/ControlAndGesture.app/ControlAndGesture";
			};
			name = Debug;
		};
		9A1FC11F1D4038A100E41140 /* Release */ = {
			isa = XCBuildConfiguration;
			buildSettings = {
				BUNDLE_LOADER = "$(TEST_HOST)";
				INFOPLIST_FILE = ControlAndGestureTests/Info.plist;
				LD_RUNPATH_SEARCH_PATHS = "$(inherited) @executable_path/Frameworks @loader_path/Frameworks";
				PRODUCT_BUNDLE_IDENTIFIER = com.tursi.ControlAndGestureTests;
				PRODUCT_NAME = "$(TARGET_NAME)";
				TEST_HOST = "$(BUILT_PRODUCTS_DIR)/ControlAndGesture.app/ControlAndGesture";
			};
			name = Release;
		};
/* End XCBuildConfiguration section */

/* Begin XCConfigurationList section */
		9A1FC0F81D4038A100E41140 /* Build configuration list for PBXProject "ControlAndGesture" */ = {
			isa = XCConfigurationList;
			buildConfigurations = (
				9A1FC1181D4038A100E41140 /* Debug */,
				9A1FC1191D4038A100E41140 /* Release */,
			);
			defaultConfigurationIsVisible = 0;
			defaultConfigurationName = Release;
		};
		9A1FC11A1D4038A100E41140 /* Build configuration list for PBXNativeTarget "ControlAndGesture" */ = {
			isa = XCConfigurationList;
			buildConfigurations = (
				9A1FC11B1D4038A100E41140 /* Debug */,
				9A1FC11C1D4038A100E41140 /* Release */,
			);
			defaultConfigurationIsVisible = 0;
		};
		9A1FC11D1D4038A100E41140 /* Build configuration list for PBXNativeTarget "ControlAndGestureTests" */ = {
			isa = XCConfigurationList;
			buildConfigurations = (
				9A1FC11E1D4038A100E41140 /* Debug */,
				9A1FC11F1D4038A100E41140 /* Release */,
			);
			defaultConfigurationIsVisible = 0;
		};
/* End XCConfigurationList section */
	};
	rootObject = 9A1FC0F51D4038A100E41140 /* Project object */;
}
