// !$*UTF8*$!
{
	archiveVersion = 1;
	classes = {
	};
	objectVersion = 46;
	objects = {

/* Begin PBXBuildFile section */
		9A8E38871D5778C300A63DC4 /* AppDelegate.swift in Sources */ = {isa = PBXBuildFile; fileRef = 9A8E38861D5778C300A63DC4 /* AppDelegate.swift */; };
		9A8E38891D5778C300A63DC4 /* ViewController.swift in Sources */ = {isa = PBXBuildFile; fileRef = 9A8E38881D5778C300A63DC4 /* ViewController.swift */; };
		9A8E388C1D5778C300A63DC4 /* Main.storyboard in Resources */ = {isa = PBXBuildFile; fileRef = 9A8E388A1D5778C300A63DC4 /* Main.storyboard */; };
		9A8E388E1D5778C300A63DC4 /* Assets.xcassets in Resources */ = {isa = PBXBuildFile; fileRef = 9A8E388D1D5778C300A63DC4 /* Assets.xcassets */; };
		9A8E38911D5778C300A63DC4 /* LaunchScreen.storyboard in Resources */ = {isa = PBXBuildFile; fileRef = 9A8E388F1D5778C300A63DC4 /* LaunchScreen.storyboard */; };
		9A8E389C1D5778C300A63DC4 /* midtermTests.swift in Sources */ = {isa = PBXBuildFile; fileRef = 9A8E389B1D5778C300A63DC4 /* midtermTests.swift */; };
		9A8E38A71D577E2900A63DC4 /* RegisterViewController.swift in Sources */ = {isa = PBXBuildFile; fileRef = 9A8E38A61D577E2900A63DC4 /* RegisterViewController.swift */; };
		9A8E38AE1D578F8100A63DC4 /* CatalogViewController.swift in Sources */ = {isa = PBXBuildFile; fileRef = 9A8E38AC1D578F8100A63DC4 /* CatalogViewController.swift */; };
		9A8E38B11D57904800A63DC4 /* AddViewController.swift in Sources */ = {isa = PBXBuildFile; fileRef = 9A8E38B01D57904800A63DC4 /* AddViewController.swift */; };
/* End PBXBuildFile section */

/* Begin PBXContainerItemProxy section */
		9A8E38981D5778C300A63DC4 /* PBXContainerItemProxy */ = {
			isa = PBXContainerItemProxy;
			containerPortal = 9A8E387B1D5778C300A63DC4 /* Project object */;
			proxyType = 1;
			remoteGlobalIDString = 9A8E38821D5778C300A63DC4;
			remoteInfo = midterm;
		};
/* End PBXContainerItemProxy section */

/* Begin PBXFileReference section */
		9A8E38831D5778C300A63DC4 /* midterm.app */ = {isa = PBXFileReference; explicitFileType = wrapper.application; includeInIndex = 0; path = midterm.app; sourceTree = BUILT_PRODUCTS_DIR; };
		9A8E38861D5778C300A63DC4 /* AppDelegate.swift */ = {isa = PBXFileReference; lastKnownFileType = sourcecode.swift; path = AppDelegate.swift; sourceTree = "<group>"; };
		9A8E38881D5778C300A63DC4 /* ViewController.swift */ = {isa = PBXFileReference; lastKnownFileType = sourcecode.swift; path = ViewController.swift; sourceTree = "<group>"; };
		9A8E388B1D5778C300A63DC4 /* Base */ = {isa = PBXFileReference; lastKnownFileType = file.storyboard; name = Base; path = Base.lproj/Main.storyboard; sourceTree = "<group>"; };
		9A8E388D1D5778C300A63DC4 /* Assets.xcassets */ = {isa = PBXFileReference; lastKnownFileType = folder.assetcatalog; path = Assets.xcassets; sourceTree = "<group>"; };
		9A8E38901D5778C300A63DC4 /* Base */ = {isa = PBXFileReference; lastKnownFileType = file.storyboard; name = Base; path = Base.lproj/LaunchScreen.storyboard; sourceTree = "<group>"; };
		9A8E38921D5778C300A63DC4 /* Info.plist */ = {isa = PBXFileReference; lastKnownFileType = text.plist.xml; path = Info.plist; sourceTree = "<group>"; };
		9A8E38971D5778C300A63DC4 /* midtermTests.xctest */ = {isa = PBXFileReference; explicitFileType = wrapper.cfbundle; includeInIndex = 0; path = midtermTests.xctest; sourceTree = BUILT_PRODUCTS_DIR; };
		9A8E389B1D5778C300A63DC4 /* midtermTests.swift */ = {isa = PBXFileReference; lastKnownFileType = sourcecode.swift; path = midtermTests.swift; sourceTree = "<group>"; };
		9A8E389D1D5778C300A63DC4 /* Info.plist */ = {isa = PBXFileReference; lastKnownFileType = text.plist.xml; path = Info.plist; sourceTree = "<group>"; };
		9A8E38A61D577E2900A63DC4 /* RegisterViewController.swift */ = {isa = PBXFileReference; fileEncoding = 4; lastKnownFileType = sourcecode.swift; path = RegisterViewController.swift; sourceTree = "<group>"; };
		9A8E38AC1D578F8100A63DC4 /* CatalogViewController.swift */ = {isa = PBXFileReference; fileEncoding = 4; lastKnownFileType = sourcecode.swift; path = CatalogViewController.swift; sourceTree = "<group>"; };
		9A8E38B01D57904800A63DC4 /* AddViewController.swift */ = {isa = PBXFileReference; fileEncoding = 4; lastKnownFileType = sourcecode.swift; path = AddViewController.swift; sourceTree = "<group>"; };
/* End PBXFileReference section */

/* Begin PBXFrameworksBuildPhase section */
		9A8E38801D5778C300A63DC4 /* Frameworks */ = {
			isa = PBXFrameworksBuildPhase;
			buildActionMask = 2147483647;
			files = (
			);
			runOnlyForDeploymentPostprocessing = 0;
		};
		9A8E38941D5778C300A63DC4 /* Frameworks */ = {
			isa = PBXFrameworksBuildPhase;
			buildActionMask = 2147483647;
			files = (
			);
			runOnlyForDeploymentPostprocessing = 0;
		};
/* End PBXFrameworksBuildPhase section */

/* Begin PBXGroup section */
		9A8E387A1D5778C300A63DC4 = {
			isa = PBXGroup;
			children = (
				9A8E38851D5778C300A63DC4 /* midterm */,
				9A8E389A1D5778C300A63DC4 /* midtermTests */,
				9A8E38841D5778C300A63DC4 /* Products */,
			);
			sourceTree = "<group>";
		};
		9A8E38841D5778C300A63DC4 /* Products */ = {
			isa = PBXGroup;
			children = (
				9A8E38831D5778C300A63DC4 /* midterm.app */,
				9A8E38971D5778C300A63DC4 /* midtermTests.xctest */,
			);
			name = Products;
			sourceTree = "<group>";
		};
		9A8E38851D5778C300A63DC4 /* midterm */ = {
			isa = PBXGroup;
			children = (
				9A8E38861D5778C300A63DC4 /* AppDelegate.swift */,
				9A8E38881D5778C300A63DC4 /* ViewController.swift */,
				9A8E388A1D5778C300A63DC4 /* Main.storyboard */,
				9A8E388D1D5778C300A63DC4 /* Assets.xcassets */,
				9A8E388F1D5778C300A63DC4 /* LaunchScreen.storyboard */,
				9A8E38921D5778C300A63DC4 /* Info.plist */,
				9A8E38A61D577E2900A63DC4 /* RegisterViewController.swift */,
				9A8E38AC1D578F8100A63DC4 /* CatalogViewController.swift */,
				9A8E38B01D57904800A63DC4 /* AddViewController.swift */,
			);
			path = midterm;
			sourceTree = "<group>";
		};
		9A8E389A1D5778C300A63DC4 /* midtermTests */ = {
			isa = PBXGroup;
			children = (
				9A8E389B1D5778C300A63DC4 /* midtermTests.swift */,
				9A8E389D1D5778C300A63DC4 /* Info.plist */,
			);
			path = midtermTests;
			sourceTree = "<group>";
		};
/* End PBXGroup section */

/* Begin PBXNativeTarget section */
		9A8E38821D5778C300A63DC4 /* midterm */ = {
			isa = PBXNativeTarget;
			buildConfigurationList = 9A8E38A01D5778C300A63DC4 /* Build configuration list for PBXNativeTarget "midterm" */;
			buildPhases = (
				9A8E387F1D5778C300A63DC4 /* Sources */,
				9A8E38801D5778C300A63DC4 /* Frameworks */,
				9A8E38811D5778C300A63DC4 /* Resources */,
			);
			buildRules = (
			);
			dependencies = (
			);
			name = midterm;
			productName = midterm;
			productReference = 9A8E38831D5778C300A63DC4 /* midterm.app */;
			productType = "com.apple.product-type.application";
		};
		9A8E38961D5778C300A63DC4 /* midtermTests */ = {
			isa = PBXNativeTarget;
			buildConfigurationList = 9A8E38A31D5778C300A63DC4 /* Build configuration list for PBXNativeTarget "midtermTests" */;
			buildPhases = (
				9A8E38931D5778C300A63DC4 /* Sources */,
				9A8E38941D5778C300A63DC4 /* Frameworks */,
				9A8E38951D5778C300A63DC4 /* Resources */,
			);
			buildRules = (
			);
			dependencies = (
				9A8E38991D5778C300A63DC4 /* PBXTargetDependency */,
			);
			name = midtermTests;
			productName = midtermTests;
			productReference = 9A8E38971D5778C300A63DC4 /* midtermTests.xctest */;
			productType = "com.apple.product-type.bundle.unit-test";
		};
/* End PBXNativeTarget section */

/* Begin PBXProject section */
		9A8E387B1D5778C300A63DC4 /* Project object */ = {
			isa = PBXProject;
			attributes = {
				LastSwiftUpdateCheck = 0730;
				LastUpgradeCheck = 0730;
				ORGANIZATIONNAME = steve;
				TargetAttributes = {
					9A8E38821D5778C300A63DC4 = {
						CreatedOnToolsVersion = 7.3.1;
					};
					9A8E38961D5778C300A63DC4 = {
						CreatedOnToolsVersion = 7.3.1;
						TestTargetID = 9A8E38821D5778C300A63DC4;
					};
				};
			};
			buildConfigurationList = 9A8E387E1D5778C300A63DC4 /* Build configuration list for PBXProject "midterm" */;
			compatibilityVersion = "Xcode 3.2";
			developmentRegion = English;
			hasScannedForEncodings = 0;
			knownRegions = (
				en,
				Base,
			);
			mainGroup = 9A8E387A1D5778C300A63DC4;
			productRefGroup = 9A8E38841D5778C300A63DC4 /* Products */;
			projectDirPath = "";
			projectRoot = "";
			targets = (
				9A8E38821D5778C300A63DC4 /* midterm */,
				9A8E38961D5778C300A63DC4 /* midtermTests */,
			);
		};
/* End PBXProject section */

/* Begin PBXResourcesBuildPhase section */
		9A8E38811D5778C300A63DC4 /* Resources */ = {
			isa = PBXResourcesBuildPhase;
			buildActionMask = 2147483647;
			files = (
				9A8E38911D5778C300A63DC4 /* LaunchScreen.storyboard in Resources */,
				9A8E388E1D5778C300A63DC4 /* Assets.xcassets in Resources */,
				9A8E388C1D5778C300A63DC4 /* Main.storyboard in Resources */,
			);
			runOnlyForDeploymentPostprocessing = 0;
		};
		9A8E38951D5778C300A63DC4 /* Resources */ = {
			isa = PBXResourcesBuildPhase;
			buildActionMask = 2147483647;
			files = (
			);
			runOnlyForDeploymentPostprocessing = 0;
		};
/* End PBXResourcesBuildPhase section */

/* Begin PBXSourcesBuildPhase section */
		9A8E387F1D5778C300A63DC4 /* Sources */ = {
			isa = PBXSourcesBuildPhase;
			buildActionMask = 2147483647;
			files = (
				9A8E38AE1D578F8100A63DC4 /* CatalogViewController.swift in Sources */,
				9A8E38B11D57904800A63DC4 /* AddViewController.swift in Sources */,
				9A8E38A71D577E2900A63DC4 /* RegisterViewController.swift in Sources */,
				9A8E38891D5778C300A63DC4 /* ViewController.swift in Sources */,
				9A8E38871D5778C300A63DC4 /* AppDelegate.swift in Sources */,
			);
			runOnlyForDeploymentPostprocessing = 0;
		};
		9A8E38931D5778C300A63DC4 /* Sources */ = {
			isa = PBXSourcesBuildPhase;
			buildActionMask = 2147483647;
			files = (
				9A8E389C1D5778C300A63DC4 /* midtermTests.swift in Sources */,
			);
			runOnlyForDeploymentPostprocessing = 0;
		};
/* End PBXSourcesBuildPhase section */

/* Begin PBXTargetDependency section */
		9A8E38991D5778C300A63DC4 /* PBXTargetDependency */ = {
			isa = PBXTargetDependency;
			target = 9A8E38821D5778C300A63DC4 /* midterm */;
			targetProxy = 9A8E38981D5778C300A63DC4 /* PBXContainerItemProxy */;
		};
/* End PBXTargetDependency section */

/* Begin PBXVariantGroup section */
		9A8E388A1D5778C300A63DC4 /* Main.storyboard */ = {
			isa = PBXVariantGroup;
			children = (
				9A8E388B1D5778C300A63DC4 /* Base */,
			);
			name = Main.storyboard;
			sourceTree = "<group>";
		};
		9A8E388F1D5778C300A63DC4 /* LaunchScreen.storyboard */ = {
			isa = PBXVariantGroup;
			children = (
				9A8E38901D5778C300A63DC4 /* Base */,
			);
			name = LaunchScreen.storyboard;
			sourceTree = "<group>";
		};
/* End PBXVariantGroup section */

/* Begin XCBuildConfiguration section */
		9A8E389E1D5778C300A63DC4 /* Debug */ = {
			isa = XCBuildConfiguration;
			buildSettings = {
				ALWAYS_SEARCH_USER_PATHS = NO;
				CLANG_ANALYZER_NONNULL = YES;
				CLANG_CXX_LANGUAGE_STANDARD = "gnu++0x";
				CLANG_CXX_LIBRARY = "libc++";
				CLANG_ENABLE_MODULES = YES;
				CLANG_ENABLE_OBJC_ARC = YES;
				CLANG_WARN_BOOL_CONVERSION = YES;
				CLANG_WARN_CONSTANT_CONVERSION = YES;
				CLANG_WARN_DIRECT_OBJC_ISA_USAGE = YES_ERROR;
				CLANG_WARN_EMPTY_BODY = YES;
				CLANG_WARN_ENUM_CONVERSION = YES;
				CLANG_WARN_INT_CONVERSION = YES;
				CLANG_WARN_OBJC_ROOT_CLASS = YES_ERROR;
				CLANG_WARN_UNREACHABLE_CODE = YES;
				CLANG_WARN__DUPLICATE_METHOD_MATCH = YES;
				"CODE_SIGN_IDENTITY[sdk=iphoneos*]" = "iPhone Developer";
				COPY_PHASE_STRIP = NO;
				DEBUG_INFORMATION_FORMAT = dwarf;
				ENABLE_STRICT_OBJC_MSGSEND = YES;
				ENABLE_TESTABILITY = YES;
				GCC_C_LANGUAGE_STANDARD = gnu99;
				GCC_DYNAMIC_NO_PIC = NO;
				GCC_NO_COMMON_BLOCKS = YES;
				GCC_OPTIMIZATION_LEVEL = 0;
				GCC_PREPROCESSOR_DEFINITIONS = (
					"DEBUG=1",
					"$(inherited)",
				);
				GCC_WARN_64_TO_32_BIT_CONVERSION = YES;
				GCC_WARN_ABOUT_RETURN_TYPE = YES_ERROR;
				GCC_WARN_UNDECLARED_SELECTOR = YES;
				GCC_WARN_UNINITIALIZED_AUTOS = YES_AGGRESSIVE;
				GCC_WARN_UNUSED_FUNCTION = YES;
				GCC_WARN_UNUSED_VARIABLE = YES;
				IPHONEOS_DEPLOYMENT_TARGET = 9.3;
				MTL_ENABLE_DEBUG_INFO = YES;
				ONLY_ACTIVE_ARCH = YES;
				SDKROOT = iphoneos;
				SWIFT_OPTIMIZATION_LEVEL = "-Onone";
			};
			name = Debug;
		};
		9A8E389F1D5778C300A63DC4 /* Release */ = {
			isa = XCBuildConfiguration;
			buildSettings = {
				ALWAYS_SEARCH_USER_PATHS = NO;
				CLANG_ANALYZER_NONNULL = YES;
				CLANG_CXX_LANGUAGE_STANDARD = "gnu++0x";
				CLANG_CXX_LIBRARY = "libc++";
				CLANG_ENABLE_MODULES = YES;
				CLANG_ENABLE_OBJC_ARC = YES;
				CLANG_WARN_BOOL_CONVERSION = YES;
				CLANG_WARN_CONSTANT_CONVERSION = YES;
				CLANG_WARN_DIRECT_OBJC_ISA_USAGE = YES_ERROR;
				CLANG_WARN_EMPTY_BODY = YES;
				CLANG_WARN_ENUM_CONVERSION = YES;
				CLANG_WARN_INT_CONVERSION = YES;
				CLANG_WARN_OBJC_ROOT_CLASS = YES_ERROR;
				CLANG_WARN_UNREACHABLE_CODE = YES;
				CLANG_WARN__DUPLICATE_METHOD_MATCH = YES;
				"CODE_SIGN_IDENTITY[sdk=iphoneos*]" = "iPhone Developer";
				COPY_PHASE_STRIP = NO;
				DEBUG_INFORMATION_FORMAT = "dwarf-with-dsym";
				ENABLE_NS_ASSERTIONS = NO;
				ENABLE_STRICT_OBJC_MSGSEND = YES;
				GCC_C_LANGUAGE_STANDARD = gnu99;
				GCC_NO_COMMON_BLOCKS = YES;
				GCC_WARN_64_TO_32_BIT_CONVERSION = YES;
				GCC_WARN_ABOUT_RETURN_TYPE = YES_ERROR;
				GCC_WARN_UNDECLARED_SELECTOR = YES;
				GCC_WARN_UNINITIALIZED_AUTOS = YES_AGGRESSIVE;
				GCC_WARN_UNUSED_FUNCTION = YES;
				GCC_WARN_UNUSED_VARIABLE = YES;
				IPHONEOS_DEPLOYMENT_TARGET = 9.3;
				MTL_ENABLE_DEBUG_INFO = NO;
				SDKROOT = iphoneos;
				VALIDATE_PRODUCT = YES;
			};
			name = Release;
		};
		9A8E38A11D5778C300A63DC4 /* Debug */ = {
			isa = XCBuildConfiguration;
			buildSettings = {
				ASSETCATALOG_COMPILER_APPICON_NAME = AppIcon;
				INFOPLIST_FILE = midterm/Info.plist;
				LD_RUNPATH_SEARCH_PATHS = "$(inherited) @executable_path/Frameworks";
				PRODUCT_BUNDLE_IDENTIFIER = com.tursi.midterm;
				PRODUCT_NAME = "$(TARGET_NAME)";
			};
			name = Debug;
		};
		9A8E38A21D5778C300A63DC4 /* Release */ = {
			isa = XCBuildConfiguration;
			buildSettings = {
				ASSETCATALOG_COMPILER_APPICON_NAME = AppIcon;
				INFOPLIST_FILE = midterm/Info.plist;
				LD_RUNPATH_SEARCH_PATHS = "$(inherited) @executable_path/Frameworks";
				PRODUCT_BUNDLE_IDENTIFIER = com.tursi.midterm;
				PRODUCT_NAME = "$(TARGET_NAME)";
			};
			name = Release;
		};
		9A8E38A41D5778C300A63DC4 /* Debug */ = {
			isa = XCBuildConfiguration;
			buildSettings = {
				BUNDLE_LOADER = "$(TEST_HOST)";
				INFOPLIST_FILE = midtermTests/Info.plist;
				LD_RUNPATH_SEARCH_PATHS = "$(inherited) @executable_path/Frameworks @loader_path/Frameworks";
				PRODUCT_BUNDLE_IDENTIFIER = com.tursi.midtermTests;
				PRODUCT_NAME = "$(TARGET_NAME)";
				TEST_HOST = "$(BUILT_PRODUCTS_DIR)/midterm.app/midterm";
			};
			name = Debug;
		};
		9A8E38A51D5778C300A63DC4 /* Release */ = {
			isa = XCBuildConfiguration;
			buildSettings = {
				BUNDLE_LOADER = "$(TEST_HOST)";
				INFOPLIST_FILE = midtermTests/Info.plist;
				LD_RUNPATH_SEARCH_PATHS = "$(inherited) @executable_path/Frameworks @loader_path/Frameworks";
				PRODUCT_BUNDLE_IDENTIFIER = com.tursi.midtermTests;
				PRODUCT_NAME = "$(TARGET_NAME)";
				TEST_HOST = "$(BUILT_PRODUCTS_DIR)/midterm.app/midterm";
			};
			name = Release;
		};
/* End XCBuildConfiguration section */

/* Begin XCConfigurationList section */
		9A8E387E1D5778C300A63DC4 /* Build configuration list for PBXProject "midterm" */ = {
			isa = XCConfigurationList;
			buildConfigurations = (
				9A8E389E1D5778C300A63DC4 /* Debug */,
				9A8E389F1D5778C300A63DC4 /* Release */,
			);
			defaultConfigurationIsVisible = 0;
			defaultConfigurationName = Release;
		};
		9A8E38A01D5778C300A63DC4 /* Build configuration list for PBXNativeTarget "midterm" */ = {
			isa = XCConfigurationList;
			buildConfigurations = (
				9A8E38A11D5778C300A63DC4 /* Debug */,
				9A8E38A21D5778C300A63DC4 /* Release */,
			);
			defaultConfigurationIsVisible = 0;
			defaultConfigurationName = Release;
		};
		9A8E38A31D5778C300A63DC4 /* Build configuration list for PBXNativeTarget "midtermTests" */ = {
			isa = XCConfigurationList;
			buildConfigurations = (
				9A8E38A41D5778C300A63DC4 /* Debug */,
				9A8E38A51D5778C300A63DC4 /* Release */,
			);
			defaultConfigurationIsVisible = 0;
			defaultConfigurationName = Release;
		};
/* End XCConfigurationList section */
	};
	rootObject = 9A8E387B1D5778C300A63DC4 /* Project object */;
}
