// !$*UTF8*$!
{
	archiveVersion = 1;
	classes = {
	};
	objectVersion = 46;
	objects = {

/* Begin PBXBuildFile section */
		A71A02D61D6E6521006E7BA1 /* AppDelegate.swift in Sources */ = {isa = PBXBuildFile; fileRef = A71A02D51D6E6521006E7BA1 /* AppDelegate.swift */; };
		A71A02D81D6E6521006E7BA1 /* RsvpViewController.swift in Sources */ = {isa = PBXBuildFile; fileRef = A71A02D71D6E6521006E7BA1 /* RsvpViewController.swift */; };
		A71A02DB1D6E6521006E7BA1 /* Main.storyboard in Resources */ = {isa = PBXBuildFile; fileRef = A71A02D91D6E6521006E7BA1 /* Main.storyboard */; };
		A71A02DD1D6E6521006E7BA1 /* Assets.xcassets in Resources */ = {isa = PBXBuildFile; fileRef = A71A02DC1D6E6521006E7BA1 /* Assets.xcassets */; };
		A71A02E01D6E6521006E7BA1 /* LaunchScreen.storyboard in Resources */ = {isa = PBXBuildFile; fileRef = A71A02DE1D6E6521006E7BA1 /* LaunchScreen.storyboard */; };
		A743360D1D86EC77006E7BA1 /* ScoutModel.swift in Sources */ = {isa = PBXBuildFile; fileRef = A743360C1D86EC77006E7BA1 /* ScoutModel.swift */; };
		A743360F1D872CA2006E7BA1 /* EventListViewController.swift in Sources */ = {isa = PBXBuildFile; fileRef = A743360E1D872CA2006E7BA1 /* EventListViewController.swift */; };
		A74336111D872D48006E7BA1 /* Event.swift in Sources */ = {isa = PBXBuildFile; fileRef = A74336101D872D48006E7BA1 /* Event.swift */; };
		A74336131D8730BE006E7BA1 /* EventModel.swift in Sources */ = {isa = PBXBuildFile; fileRef = A74336121D8730BE006E7BA1 /* EventModel.swift */; };
		A74DFE921D85DFD1006E7BA1 /* ScoutIconView.swift in Sources */ = {isa = PBXBuildFile; fileRef = A74DFE911D85DFD1006E7BA1 /* ScoutIconView.swift */; };
		A74DFE941D86D83F006E7BA1 /* Scout.swift in Sources */ = {isa = PBXBuildFile; fileRef = A74DFE931D86D83F006E7BA1 /* Scout.swift */; };
		A78484161D876F51006E7BA1 /* TableRow.swift in Sources */ = {isa = PBXBuildFile; fileRef = A78484151D876F51006E7BA1 /* TableRow.swift */; };
/* End PBXBuildFile section */

/* Begin PBXFileReference section */
		A71A02D21D6E6521006E7BA1 /* final.app */ = {isa = PBXFileReference; explicitFileType = wrapper.application; includeInIndex = 0; path = final.app; sourceTree = BUILT_PRODUCTS_DIR; };
		A71A02D51D6E6521006E7BA1 /* AppDelegate.swift */ = {isa = PBXFileReference; lastKnownFileType = sourcecode.swift; path = AppDelegate.swift; sourceTree = "<group>"; };
		A71A02D71D6E6521006E7BA1 /* RsvpViewController.swift */ = {isa = PBXFileReference; lastKnownFileType = sourcecode.swift; path = RsvpViewController.swift; sourceTree = "<group>"; };
		A71A02DA1D6E6521006E7BA1 /* Base */ = {isa = PBXFileReference; lastKnownFileType = file.storyboard; name = Base; path = Base.lproj/Main.storyboard; sourceTree = "<group>"; };
		A71A02DC1D6E6521006E7BA1 /* Assets.xcassets */ = {isa = PBXFileReference; lastKnownFileType = folder.assetcatalog; path = Assets.xcassets; sourceTree = "<group>"; };
		A71A02DF1D6E6521006E7BA1 /* Base */ = {isa = PBXFileReference; lastKnownFileType = file.storyboard; name = Base; path = Base.lproj/LaunchScreen.storyboard; sourceTree = "<group>"; };
		A71A02E11D6E6521006E7BA1 /* Info.plist */ = {isa = PBXFileReference; lastKnownFileType = text.plist.xml; path = Info.plist; sourceTree = "<group>"; };
		A743360C1D86EC77006E7BA1 /* ScoutModel.swift */ = {isa = PBXFileReference; fileEncoding = 4; lastKnownFileType = sourcecode.swift; path = ScoutModel.swift; sourceTree = "<group>"; };
		A743360E1D872CA2006E7BA1 /* EventListViewController.swift */ = {isa = PBXFileReference; fileEncoding = 4; lastKnownFileType = sourcecode.swift; path = EventListViewController.swift; sourceTree = "<group>"; };
		A74336101D872D48006E7BA1 /* Event.swift */ = {isa = PBXFileReference; fileEncoding = 4; lastKnownFileType = sourcecode.swift; path = Event.swift; sourceTree = "<group>"; };
		A74336121D8730BE006E7BA1 /* EventModel.swift */ = {isa = PBXFileReference; fileEncoding = 4; lastKnownFileType = sourcecode.swift; path = EventModel.swift; sourceTree = "<group>"; };
		A74DFE911D85DFD1006E7BA1 /* ScoutIconView.swift */ = {isa = PBXFileReference; fileEncoding = 4; lastKnownFileType = sourcecode.swift; path = ScoutIconView.swift; sourceTree = "<group>"; };
		A74DFE931D86D83F006E7BA1 /* Scout.swift */ = {isa = PBXFileReference; fileEncoding = 4; lastKnownFileType = sourcecode.swift; path = Scout.swift; sourceTree = "<group>"; };
		A78484151D876F51006E7BA1 /* TableRow.swift */ = {isa = PBXFileReference; fileEncoding = 4; lastKnownFileType = sourcecode.swift; path = TableRow.swift; sourceTree = "<group>"; };
/* End PBXFileReference section */

/* Begin PBXFrameworksBuildPhase section */
		A71A02CF1D6E6521006E7BA1 /* Frameworks */ = {
			isa = PBXFrameworksBuildPhase;
			buildActionMask = 2147483647;
			files = (
			);
			runOnlyForDeploymentPostprocessing = 0;
		};
/* End PBXFrameworksBuildPhase section */

/* Begin PBXGroup section */
		A71A02C91D6E6521006E7BA1 = {
			isa = PBXGroup;
			children = (
				A71A02D41D6E6521006E7BA1 /* final */,
				A71A02D31D6E6521006E7BA1 /* Products */,
			);
			sourceTree = "<group>";
		};
		A71A02D31D6E6521006E7BA1 /* Products */ = {
			isa = PBXGroup;
			children = (
				A71A02D21D6E6521006E7BA1 /* final.app */,
			);
			name = Products;
			sourceTree = "<group>";
		};
		A71A02D41D6E6521006E7BA1 /* final */ = {
			isa = PBXGroup;
			children = (
				A71A02D51D6E6521006E7BA1 /* AppDelegate.swift */,
				A71A02D71D6E6521006E7BA1 /* RsvpViewController.swift */,
				A71A02D91D6E6521006E7BA1 /* Main.storyboard */,
				A71A02DC1D6E6521006E7BA1 /* Assets.xcassets */,
				A71A02DE1D6E6521006E7BA1 /* LaunchScreen.storyboard */,
				A71A02E11D6E6521006E7BA1 /* Info.plist */,
				A74DFE911D85DFD1006E7BA1 /* ScoutIconView.swift */,
				A74DFE931D86D83F006E7BA1 /* Scout.swift */,
				A743360C1D86EC77006E7BA1 /* ScoutModel.swift */,
				A743360E1D872CA2006E7BA1 /* EventListViewController.swift */,
				A74336101D872D48006E7BA1 /* Event.swift */,
				A74336121D8730BE006E7BA1 /* EventModel.swift */,
				A78484151D876F51006E7BA1 /* TableRow.swift */,
			);
			path = final;
			sourceTree = "<group>";
		};
/* End PBXGroup section */

/* Begin PBXNativeTarget section */
		A71A02D11D6E6521006E7BA1 /* final */ = {
			isa = PBXNativeTarget;
			buildConfigurationList = A71A02E41D6E6521006E7BA1 /* Build configuration list for PBXNativeTarget "final" */;
			buildPhases = (
				A71A02CE1D6E6521006E7BA1 /* Sources */,
				A71A02CF1D6E6521006E7BA1 /* Frameworks */,
				A71A02D01D6E6521006E7BA1 /* Resources */,
			);
			buildRules = (
			);
			dependencies = (
			);
			name = final;
			productName = final;
			productReference = A71A02D21D6E6521006E7BA1 /* final.app */;
			productType = "com.apple.product-type.application";
		};
/* End PBXNativeTarget section */

/* Begin PBXProject section */
		A71A02CA1D6E6521006E7BA1 /* Project object */ = {
			isa = PBXProject;
			attributes = {
				LastSwiftUpdateCheck = 0730;
				LastUpgradeCheck = 0730;
				ORGANIZATIONNAME = "Steven Tursi";
				TargetAttributes = {
					A71A02D11D6E6521006E7BA1 = {
						CreatedOnToolsVersion = 7.3.1;
					};
				};
			};
			buildConfigurationList = A71A02CD1D6E6521006E7BA1 /* Build configuration list for PBXProject "final" */;
			compatibilityVersion = "Xcode 3.2";
			developmentRegion = English;
			hasScannedForEncodings = 0;
			knownRegions = (
				en,
				Base,
			);
			mainGroup = A71A02C91D6E6521006E7BA1;
			productRefGroup = A71A02D31D6E6521006E7BA1 /* Products */;
			projectDirPath = "";
			projectRoot = "";
			targets = (
				A71A02D11D6E6521006E7BA1 /* final */,
			);
		};
/* End PBXProject section */

/* Begin PBXResourcesBuildPhase section */
		A71A02D01D6E6521006E7BA1 /* Resources */ = {
			isa = PBXResourcesBuildPhase;
			buildActionMask = 2147483647;
			files = (
				A71A02E01D6E6521006E7BA1 /* LaunchScreen.storyboard in Resources */,
				A71A02DD1D6E6521006E7BA1 /* Assets.xcassets in Resources */,
				A71A02DB1D6E6521006E7BA1 /* Main.storyboard in Resources */,
			);
			runOnlyForDeploymentPostprocessing = 0;
		};
/* End PBXResourcesBuildPhase section */

/* Begin PBXSourcesBuildPhase section */
		A71A02CE1D6E6521006E7BA1 /* Sources */ = {
			isa = PBXSourcesBuildPhase;
			buildActionMask = 2147483647;
			files = (
				A74DFE941D86D83F006E7BA1 /* Scout.swift in Sources */,
				A78484161D876F51006E7BA1 /* TableRow.swift in Sources */,
				A743360F1D872CA2006E7BA1 /* EventListViewController.swift in Sources */,
				A74DFE921D85DFD1006E7BA1 /* ScoutIconView.swift in Sources */,
				A71A02D81D6E6521006E7BA1 /* RsvpViewController.swift in Sources */,
				A743360D1D86EC77006E7BA1 /* ScoutModel.swift in Sources */,
				A74336111D872D48006E7BA1 /* Event.swift in Sources */,
				A74336131D8730BE006E7BA1 /* EventModel.swift in Sources */,
				A71A02D61D6E6521006E7BA1 /* AppDelegate.swift in Sources */,
			);
			runOnlyForDeploymentPostprocessing = 0;
		};
/* End PBXSourcesBuildPhase section */

/* Begin PBXVariantGroup section */
		A71A02D91D6E6521006E7BA1 /* Main.storyboard */ = {
			isa = PBXVariantGroup;
			children = (
				A71A02DA1D6E6521006E7BA1 /* Base */,
			);
			name = Main.storyboard;
			sourceTree = "<group>";
		};
		A71A02DE1D6E6521006E7BA1 /* LaunchScreen.storyboard */ = {
			isa = PBXVariantGroup;
			children = (
				A71A02DF1D6E6521006E7BA1 /* Base */,
			);
			name = LaunchScreen.storyboard;
			sourceTree = "<group>";
		};
/* End PBXVariantGroup section */

/* Begin XCBuildConfiguration section */
		A71A02E21D6E6521006E7BA1 /* Debug */ = {
			isa = XCBuildConfiguration;
			buildSettings = {
				ALWAYS_SEARCH_USER_PATHS = NO;
				CLANG_ANALYZER_NONNULL = YES;
				CLANG_CXX_LANGUAGE_STANDARD = "gnu++0x";
				CLANG_CXX_LIBRARY = "libc++";
				CLANG_ENABLE_MODULES = YES;
				CLANG_ENABLE_OBJC_ARC = YES;
				CLANG_WARN_BOOL_CONVERSION = YES;
				CLANG_WARN_CONSTANT_CONVERSION = YES;
				CLANG_WARN_DIRECT_OBJC_ISA_USAGE = YES_ERROR;
				CLANG_WARN_EMPTY_BODY = YES;
				CLANG_WARN_ENUM_CONVERSION = YES;
				CLANG_WARN_INT_CONVERSION = YES;
				CLANG_WARN_OBJC_ROOT_CLASS = YES_ERROR;
				CLANG_WARN_UNREACHABLE_CODE = YES;
				CLANG_WARN__DUPLICATE_METHOD_MATCH = YES;
				"CODE_SIGN_IDENTITY[sdk=iphoneos*]" = "iPhone Developer";
				COPY_PHASE_STRIP = NO;
				DEBUG_INFORMATION_FORMAT = dwarf;
				ENABLE_STRICT_OBJC_MSGSEND = YES;
				ENABLE_TESTABILITY = YES;
				GCC_C_LANGUAGE_STANDARD = gnu99;
				GCC_DYNAMIC_NO_PIC = NO;
				GCC_NO_COMMON_BLOCKS = YES;
				GCC_OPTIMIZATION_LEVEL = 0;
				GCC_PREPROCESSOR_DEFINITIONS = (
					"DEBUG=1",
					"$(inherited)",
				);
				GCC_WARN_64_TO_32_BIT_CONVERSION = YES;
				GCC_WARN_ABOUT_RETURN_TYPE = YES_ERROR;
				GCC_WARN_UNDECLARED_SELECTOR = YES;
				GCC_WARN_UNINITIALIZED_AUTOS = YES_AGGRESSIVE;
				GCC_WARN_UNUSED_FUNCTION = YES;
				GCC_WARN_UNUSED_VARIABLE = YES;
				IPHONEOS_DEPLOYMENT_TARGET = 9.3;
				MTL_ENABLE_DEBUG_INFO = YES;
				ONLY_ACTIVE_ARCH = YES;
				SDKROOT = iphoneos;
				SWIFT_OPTIMIZATION_LEVEL = "-Onone";
				TARGETED_DEVICE_FAMILY = 2;
			};
			name = Debug;
		};
		A71A02E31D6E6521006E7BA1 /* Release */ = {
			isa = XCBuildConfiguration;
			buildSettings = {
				ALWAYS_SEARCH_USER_PATHS = NO;
				CLANG_ANALYZER_NONNULL = YES;
				CLANG_CXX_LANGUAGE_STANDARD = "gnu++0x";
				CLANG_CXX_LIBRARY = "libc++";
				CLANG_ENABLE_MODULES = YES;
				CLANG_ENABLE_OBJC_ARC = YES;
				CLANG_WARN_BOOL_CONVERSION = YES;
				CLANG_WARN_CONSTANT_CONVERSION = YES;
				CLANG_WARN_DIRECT_OBJC_ISA_USAGE = YES_ERROR;
				CLANG_WARN_EMPTY_BODY = YES;
				CLANG_WARN_ENUM_CONVERSION = YES;
				CLANG_WARN_INT_CONVERSION = YES;
				CLANG_WARN_OBJC_ROOT_CLASS = YES_ERROR;
				CLANG_WARN_UNREACHABLE_CODE = YES;
				CLANG_WARN__DUPLICATE_METHOD_MATCH = YES;
				"CODE_SIGN_IDENTITY[sdk=iphoneos*]" = "iPhone Developer";
				COPY_PHASE_STRIP = NO;
				DEBUG_INFORMATION_FORMAT = "dwarf-with-dsym";
				ENABLE_NS_ASSERTIONS = NO;
				ENABLE_STRICT_OBJC_MSGSEND = YES;
				GCC_C_LANGUAGE_STANDARD = gnu99;
				GCC_NO_COMMON_BLOCKS = YES;
				GCC_WARN_64_TO_32_BIT_CONVERSION = YES;
				GCC_WARN_ABOUT_RETURN_TYPE = YES_ERROR;
				GCC_WARN_UNDECLARED_SELECTOR = YES;
				GCC_WARN_UNINITIALIZED_AUTOS = YES_AGGRESSIVE;
				GCC_WARN_UNUSED_FUNCTION = YES;
				GCC_WARN_UNUSED_VARIABLE = YES;
				IPHONEOS_DEPLOYMENT_TARGET = 9.3;
				MTL_ENABLE_DEBUG_INFO = NO;
				SDKROOT = iphoneos;
				TARGETED_DEVICE_FAMILY = 2;
				VALIDATE_PRODUCT = YES;
			};
			name = Release;
		};
		A71A02E51D6E6521006E7BA1 /* Debug */ = {
			isa = XCBuildConfiguration;
			buildSettings = {
				ASSETCATALOG_COMPILER_APPICON_NAME = AppIcon;
				INFOPLIST_FILE = final/Info.plist;
				IPHONEOS_DEPLOYMENT_TARGET = 9.3;
				LD_RUNPATH_SEARCH_PATHS = "$(inherited) @executable_path/Frameworks";
				PRODUCT_BUNDLE_IDENTIFIER = com.tursi.final;
				PRODUCT_NAME = "$(TARGET_NAME)";
			};
			name = Debug;
		};
		A71A02E61D6E6521006E7BA1 /* Release */ = {
			isa = XCBuildConfiguration;
			buildSettings = {
				ASSETCATALOG_COMPILER_APPICON_NAME = AppIcon;
				INFOPLIST_FILE = final/Info.plist;
				IPHONEOS_DEPLOYMENT_TARGET = 9.3;
				LD_RUNPATH_SEARCH_PATHS = "$(inherited) @executable_path/Frameworks";
				PRODUCT_BUNDLE_IDENTIFIER = com.tursi.final;
				PRODUCT_NAME = "$(TARGET_NAME)";
			};
			name = Release;
		};
/* End XCBuildConfiguration section */

/* Begin XCConfigurationList section */
		A71A02CD1D6E6521006E7BA1 /* Build configuration list for PBXProject "final" */ = {
			isa = XCConfigurationList;
			buildConfigurations = (
				A71A02E21D6E6521006E7BA1 /* Debug */,
				A71A02E31D6E6521006E7BA1 /* Release */,
			);
			defaultConfigurationIsVisible = 0;
			defaultConfigurationName = Release;
		};
		A71A02E41D6E6521006E7BA1 /* Build configuration list for PBXNativeTarget "final" */ = {
			isa = XCConfigurationList;
			buildConfigurations = (
				A71A02E51D6E6521006E7BA1 /* Debug */,
				A71A02E61D6E6521006E7BA1 /* Release */,
			);
			defaultConfigurationIsVisible = 0;
			defaultConfigurationName = Release;
		};
/* End XCConfigurationList section */
	};
	rootObject = A71A02CA1D6E6521006E7BA1 /* Project object */;
}
