// !$*UTF8*$!
{
	archiveVersion = 1;
	classes = {
	};
	objectVersion = 46;
	objects = {

/* Begin PBXBuildFile section */
		9A88CDB21D248CED00FA1B88 /* AppDelegate.swift in Sources */ = {isa = PBXBuildFile; fileRef = 9A88CDB11D248CED00FA1B88 /* AppDelegate.swift */; };
		9A88CDB41D248CED00FA1B88 /* ViewController.swift in Sources */ = {isa = PBXBuildFile; fileRef = 9A88CDB31D248CED00FA1B88 /* ViewController.swift */; };
		9A88CDB71D248CED00FA1B88 /* Main.storyboard in Resources */ = {isa = PBXBuildFile; fileRef = 9A88CDB51D248CED00FA1B88 /* Main.storyboard */; };
		9A88CDB91D248CED00FA1B88 /* Assets.xcassets in Resources */ = {isa = PBXBuildFile; fileRef = 9A88CDB81D248CED00FA1B88 /* Assets.xcassets */; };
		9A88CDBC1D248CED00FA1B88 /* LaunchScreen.storyboard in Resources */ = {isa = PBXBuildFile; fileRef = 9A88CDBA1D248CED00FA1B88 /* LaunchScreen.storyboard */; };
		9A88CDC71D248CED00FA1B88 /* RegFormTests.swift in Sources */ = {isa = PBXBuildFile; fileRef = 9A88CDC61D248CED00FA1B88 /* RegFormTests.swift */; };
/* End PBXBuildFile section */

/* Begin PBXContainerItemProxy section */
		9A88CDC31D248CED00FA1B88 /* PBXContainerItemProxy */ = {
			isa = PBXContainerItemProxy;
			containerPortal = 9A88CDA61D248CED00FA1B88 /* Project object */;
			proxyType = 1;
			remoteGlobalIDString = 9A88CDAD1D248CED00FA1B88;
			remoteInfo = RegForm;
		};
/* End PBXContainerItemProxy section */

/* Begin PBXFileReference section */
		9A88CDAE1D248CED00FA1B88 /* RegForm.app */ = {isa = PBXFileReference; explicitFileType = wrapper.application; includeInIndex = 0; path = RegForm.app; sourceTree = BUILT_PRODUCTS_DIR; };
		9A88CDB11D248CED00FA1B88 /* AppDelegate.swift */ = {isa = PBXFileReference; lastKnownFileType = sourcecode.swift; path = AppDelegate.swift; sourceTree = "<group>"; };
		9A88CDB31D248CED00FA1B88 /* ViewController.swift */ = {isa = PBXFileReference; lastKnownFileType = sourcecode.swift; path = ViewController.swift; sourceTree = "<group>"; };
		9A88CDB61D248CED00FA1B88 /* Base */ = {isa = PBXFileReference; lastKnownFileType = file.storyboard; name = Base; path = Base.lproj/Main.storyboard; sourceTree = "<group>"; };
		9A88CDB81D248CED00FA1B88 /* Assets.xcassets */ = {isa = PBXFileReference; lastKnownFileType = folder.assetcatalog; path = Assets.xcassets; sourceTree = "<group>"; };
		9A88CDBB1D248CED00FA1B88 /* Base */ = {isa = PBXFileReference; lastKnownFileType = file.storyboard; name = Base; path = Base.lproj/LaunchScreen.storyboard; sourceTree = "<group>"; };
		9A88CDBD1D248CED00FA1B88 /* Info.plist */ = {isa = PBXFileReference; lastKnownFileType = text.plist.xml; path = Info.plist; sourceTree = "<group>"; };
		9A88CDC21D248CED00FA1B88 /* RegFormTests.xctest */ = {isa = PBXFileReference; explicitFileType = wrapper.cfbundle; includeInIndex = 0; path = RegFormTests.xctest; sourceTree = BUILT_PRODUCTS_DIR; };
		9A88CDC61D248CED00FA1B88 /* RegFormTests.swift */ = {isa = PBXFileReference; lastKnownFileType = sourcecode.swift; path = RegFormTests.swift; sourceTree = "<group>"; };
		9A88CDC81D248CED00FA1B88 /* Info.plist */ = {isa = PBXFileReference; lastKnownFileType = text.plist.xml; path = Info.plist; sourceTree = "<group>"; };
/* End PBXFileReference section */

/* Begin PBXFrameworksBuildPhase section */
		9A88CDAB1D248CED00FA1B88 /* Frameworks */ = {
			isa = PBXFrameworksBuildPhase;
			buildActionMask = 2147483647;
			files = (
			);
			runOnlyForDeploymentPostprocessing = 0;
		};
		9A88CDBF1D248CED00FA1B88 /* Frameworks */ = {
			isa = PBXFrameworksBuildPhase;
			buildActionMask = 2147483647;
			files = (
			);
			runOnlyForDeploymentPostprocessing = 0;
		};
/* End PBXFrameworksBuildPhase section */

/* Begin PBXGroup section */
		9A88CDA51D248CED00FA1B88 = {
			isa = PBXGroup;
			children = (
				9A88CDB01D248CED00FA1B88 /* RegForm */,
				9A88CDC51D248CED00FA1B88 /* RegFormTests */,
				9A88CDAF1D248CED00FA1B88 /* Products */,
			);
			sourceTree = "<group>";
		};
		9A88CDAF1D248CED00FA1B88 /* Products */ = {
			isa = PBXGroup;
			children = (
				9A88CDAE1D248CED00FA1B88 /* RegForm.app */,
				9A88CDC21D248CED00FA1B88 /* RegFormTests.xctest */,
			);
			name = Products;
			sourceTree = "<group>";
		};
		9A88CDB01D248CED00FA1B88 /* RegForm */ = {
			isa = PBXGroup;
			children = (
				9A88CDB11D248CED00FA1B88 /* AppDelegate.swift */,
				9A88CDB31D248CED00FA1B88 /* ViewController.swift */,
				9A88CDB51D248CED00FA1B88 /* Main.storyboard */,
				9A88CDB81D248CED00FA1B88 /* Assets.xcassets */,
				9A88CDBA1D248CED00FA1B88 /* LaunchScreen.storyboard */,
				9A88CDBD1D248CED00FA1B88 /* Info.plist */,
			);
			path = RegForm;
			sourceTree = "<group>";
		};
		9A88CDC51D248CED00FA1B88 /* RegFormTests */ = {
			isa = PBXGroup;
			children = (
				9A88CDC61D248CED00FA1B88 /* RegFormTests.swift */,
				9A88CDC81D248CED00FA1B88 /* Info.plist */,
			);
			path = RegFormTests;
			sourceTree = "<group>";
		};
/* End PBXGroup section */

/* Begin PBXNativeTarget section */
		9A88CDAD1D248CED00FA1B88 /* RegForm */ = {
			isa = PBXNativeTarget;
			buildConfigurationList = 9A88CDCB1D248CED00FA1B88 /* Build configuration list for PBXNativeTarget "RegForm" */;
			buildPhases = (
				9A88CDAA1D248CED00FA1B88 /* Sources */,
				9A88CDAB1D248CED00FA1B88 /* Frameworks */,
				9A88CDAC1D248CED00FA1B88 /* Resources */,
			);
			buildRules = (
			);
			dependencies = (
			);
			name = RegForm;
			productName = RegForm;
			productReference = 9A88CDAE1D248CED00FA1B88 /* RegForm.app */;
			productType = "com.apple.product-type.application";
		};
		9A88CDC11D248CED00FA1B88 /* RegFormTests */ = {
			isa = PBXNativeTarget;
			buildConfigurationList = 9A88CDCE1D248CED00FA1B88 /* Build configuration list for PBXNativeTarget "RegFormTests" */;
			buildPhases = (
				9A88CDBE1D248CED00FA1B88 /* Sources */,
				9A88CDBF1D248CED00FA1B88 /* Frameworks */,
				9A88CDC01D248CED00FA1B88 /* Resources */,
			);
			buildRules = (
			);
			dependencies = (
				9A88CDC41D248CED00FA1B88 /* PBXTargetDependency */,
			);
			name = RegFormTests;
			productName = RegFormTests;
			productReference = 9A88CDC21D248CED00FA1B88 /* RegFormTests.xctest */;
			productType = "com.apple.product-type.bundle.unit-test";
		};
/* End PBXNativeTarget section */

/* Begin PBXProject section */
		9A88CDA61D248CED00FA1B88 /* Project object */ = {
			isa = PBXProject;
			attributes = {
				LastSwiftUpdateCheck = 0730;
				LastUpgradeCheck = 0730;
				ORGANIZATIONNAME = steve;
				TargetAttributes = {
					9A88CDAD1D248CED00FA1B88 = {
						CreatedOnToolsVersion = 7.3.1;
					};
					9A88CDC11D248CED00FA1B88 = {
						CreatedOnToolsVersion = 7.3.1;
						TestTargetID = 9A88CDAD1D248CED00FA1B88;
					};
				};
			};
			buildConfigurationList = 9A88CDA91D248CED00FA1B88 /* Build configuration list for PBXProject "RegForm" */;
			compatibilityVersion = "Xcode 3.2";
			developmentRegion = English;
			hasScannedForEncodings = 0;
			knownRegions = (
				en,
				Base,
			);
			mainGroup = 9A88CDA51D248CED00FA1B88;
			productRefGroup = 9A88CDAF1D248CED00FA1B88 /* Products */;
			projectDirPath = "";
			projectRoot = "";
			targets = (
				9A88CDAD1D248CED00FA1B88 /* RegForm */,
				9A88CDC11D248CED00FA1B88 /* RegFormTests */,
			);
		};
/* End PBXProject section */

/* Begin PBXResourcesBuildPhase section */
		9A88CDAC1D248CED00FA1B88 /* Resources */ = {
			isa = PBXResourcesBuildPhase;
			buildActionMask = 2147483647;
			files = (
				9A88CDBC1D248CED00FA1B88 /* LaunchScreen.storyboard in Resources */,
				9A88CDB91D248CED00FA1B88 /* Assets.xcassets in Resources */,
				9A88CDB71D248CED00FA1B88 /* Main.storyboard in Resources */,
			);
			runOnlyForDeploymentPostprocessing = 0;
		};
		9A88CDC01D248CED00FA1B88 /* Resources */ = {
			isa = PBXResourcesBuildPhase;
			buildActionMask = 2147483647;
			files = (
			);
			runOnlyForDeploymentPostprocessing = 0;
		};
/* End PBXResourcesBuildPhase section */

/* Begin PBXSourcesBuildPhase section */
		9A88CDAA1D248CED00FA1B88 /* Sources */ = {
			isa = PBXSourcesBuildPhase;
			buildActionMask = 2147483647;
			files = (
				9A88CDB41D248CED00FA1B88 /* ViewController.swift in Sources */,
				9A88CDB21D248CED00FA1B88 /* AppDelegate.swift in Sources */,
			);
			runOnlyForDeploymentPostprocessing = 0;
		};
		9A88CDBE1D248CED00FA1B88 /* Sources */ = {
			isa = PBXSourcesBuildPhase;
			buildActionMask = 2147483647;
			files = (
				9A88CDC71D248CED00FA1B88 /* RegFormTests.swift in Sources */,
			);
			runOnlyForDeploymentPostprocessing = 0;
		};
/* End PBXSourcesBuildPhase section */

/* Begin PBXTargetDependency section */
		9A88CDC41D248CED00FA1B88 /* PBXTargetDependency */ = {
			isa = PBXTargetDependency;
			target = 9A88CDAD1D248CED00FA1B88 /* RegForm */;
			targetProxy = 9A88CDC31D248CED00FA1B88 /* PBXContainerItemProxy */;
		};
/* End PBXTargetDependency section */

/* Begin PBXVariantGroup section */
		9A88CDB51D248CED00FA1B88 /* Main.storyboard */ = {
			isa = PBXVariantGroup;
			children = (
				9A88CDB61D248CED00FA1B88 /* Base */,
			);
			name = Main.storyboard;
			sourceTree = "<group>";
		};
		9A88CDBA1D248CED00FA1B88 /* LaunchScreen.storyboard */ = {
			isa = PBXVariantGroup;
			children = (
				9A88CDBB1D248CED00FA1B88 /* Base */,
			);
			name = LaunchScreen.storyboard;
			sourceTree = "<group>";
		};
/* End PBXVariantGroup section */

/* Begin XCBuildConfiguration section */
		9A88CDC91D248CED00FA1B88 /* Debug */ = {
			isa = XCBuildConfiguration;
			buildSettings = {
				ALWAYS_SEARCH_USER_PATHS = NO;
				CLANG_ANALYZER_NONNULL = YES;
				CLANG_CXX_LANGUAGE_STANDARD = "gnu++0x";
				CLANG_CXX_LIBRARY = "libc++";
				CLANG_ENABLE_MODULES = YES;
				CLANG_ENABLE_OBJC_ARC = YES;
				CLANG_WARN_BOOL_CONVERSION = YES;
				CLANG_WARN_CONSTANT_CONVERSION = YES;
				CLANG_WARN_DIRECT_OBJC_ISA_USAGE = YES_ERROR;
				CLANG_WARN_EMPTY_BODY = YES;
				CLANG_WARN_ENUM_CONVERSION = YES;
				CLANG_WARN_INT_CONVERSION = YES;
				CLANG_WARN_OBJC_ROOT_CLASS = YES_ERROR;
				CLANG_WARN_UNREACHABLE_CODE = YES;
				CLANG_WARN__DUPLICATE_METHOD_MATCH = YES;
				"CODE_SIGN_IDENTITY[sdk=iphoneos*]" = "iPhone Developer";
				COPY_PHASE_STRIP = NO;
				DEBUG_INFORMATION_FORMAT = dwarf;
				ENABLE_STRICT_OBJC_MSGSEND = YES;
				ENABLE_TESTABILITY = YES;
				GCC_C_LANGUAGE_STANDARD = gnu99;
				GCC_DYNAMIC_NO_PIC = NO;
				GCC_NO_COMMON_BLOCKS = YES;
				GCC_OPTIMIZATION_LEVEL = 0;
				GCC_PREPROCESSOR_DEFINITIONS = (
					"DEBUG=1",
					"$(inherited)",
				);
				GCC_WARN_64_TO_32_BIT_CONVERSION = YES;
				GCC_WARN_ABOUT_RETURN_TYPE = YES_ERROR;
				GCC_WARN_UNDECLARED_SELECTOR = YES;
				GCC_WARN_UNINITIALIZED_AUTOS = YES_AGGRESSIVE;
				GCC_WARN_UNUSED_FUNCTION = YES;
				GCC_WARN_UNUSED_VARIABLE = YES;
				IPHONEOS_DEPLOYMENT_TARGET = 9.3;
				MTL_ENABLE_DEBUG_INFO = YES;
				ONLY_ACTIVE_ARCH = YES;
				SDKROOT = iphoneos;
				SWIFT_OPTIMIZATION_LEVEL = "-Onone";
			};
			name = Debug;
		};
		9A88CDCA1D248CED00FA1B88 /* Release */ = {
			isa = XCBuildConfiguration;
			buildSettings = {
				ALWAYS_SEARCH_USER_PATHS = NO;
				CLANG_ANALYZER_NONNULL = YES;
				CLANG_CXX_LANGUAGE_STANDARD = "gnu++0x";
				CLANG_CXX_LIBRARY = "libc++";
				CLANG_ENABLE_MODULES = YES;
				CLANG_ENABLE_OBJC_ARC = YES;
				CLANG_WARN_BOOL_CONVERSION = YES;
				CLANG_WARN_CONSTANT_CONVERSION = YES;
				CLANG_WARN_DIRECT_OBJC_ISA_USAGE = YES_ERROR;
				CLANG_WARN_EMPTY_BODY = YES;
				CLANG_WARN_ENUM_CONVERSION = YES;
				CLANG_WARN_INT_CONVERSION = YES;
				CLANG_WARN_OBJC_ROOT_CLASS = YES_ERROR;
				CLANG_WARN_UNREACHABLE_CODE = YES;
				CLANG_WARN__DUPLICATE_METHOD_MATCH = YES;
				"CODE_SIGN_IDENTITY[sdk=iphoneos*]" = "iPhone Developer";
				COPY_PHASE_STRIP = NO;
				DEBUG_INFORMATION_FORMAT = "dwarf-with-dsym";
				ENABLE_NS_ASSERTIONS = NO;
				ENABLE_STRICT_OBJC_MSGSEND = YES;
				GCC_C_LANGUAGE_STANDARD = gnu99;
				GCC_NO_COMMON_BLOCKS = YES;
				GCC_WARN_64_TO_32_BIT_CONVERSION = YES;
				GCC_WARN_ABOUT_RETURN_TYPE = YES_ERROR;
				GCC_WARN_UNDECLARED_SELECTOR = YES;
				GCC_WARN_UNINITIALIZED_AUTOS = YES_AGGRESSIVE;
				GCC_WARN_UNUSED_FUNCTION = YES;
				GCC_WARN_UNUSED_VARIABLE = YES;
				IPHONEOS_DEPLOYMENT_TARGET = 9.3;
				MTL_ENABLE_DEBUG_INFO = NO;
				SDKROOT = iphoneos;
				VALIDATE_PRODUCT = YES;
			};
			name = Release;
		};
		9A88CDCC1D248CED00FA1B88 /* Debug */ = {
			isa = XCBuildConfiguration;
			buildSettings = {
				ASSETCATALOG_COMPILER_APPICON_NAME = AppIcon;
				INFOPLIST_FILE = RegForm/Info.plist;
				LD_RUNPATH_SEARCH_PATHS = "$(inherited) @executable_path/Frameworks";
				PRODUCT_BUNDLE_IDENTIFIER = com.tursi.RegForm;
				PRODUCT_NAME = "$(TARGET_NAME)";
			};
			name = Debug;
		};
		9A88CDCD1D248CED00FA1B88 /* Release */ = {
			isa = XCBuildConfiguration;
			buildSettings = {
				ASSETCATALOG_COMPILER_APPICON_NAME = AppIcon;
				INFOPLIST_FILE = RegForm/Info.plist;
				LD_RUNPATH_SEARCH_PATHS = "$(inherited) @executable_path/Frameworks";
				PRODUCT_BUNDLE_IDENTIFIER = com.tursi.RegForm;
				PRODUCT_NAME = "$(TARGET_NAME)";
			};
			name = Release;
		};
		9A88CDCF1D248CED00FA1B88 /* Debug */ = {
			isa = XCBuildConfiguration;
			buildSettings = {
				BUNDLE_LOADER = "$(TEST_HOST)";
				INFOPLIST_FILE = RegFormTests/Info.plist;
				LD_RUNPATH_SEARCH_PATHS = "$(inherited) @executable_path/Frameworks @loader_path/Frameworks";
				PRODUCT_BUNDLE_IDENTIFIER = com.tursi.RegFormTests;
				PRODUCT_NAME = "$(TARGET_NAME)";
				TEST_HOST = "$(BUILT_PRODUCTS_DIR)/RegForm.app/RegForm";
			};
			name = Debug;
		};
		9A88CDD01D248CED00FA1B88 /* Release */ = {
			isa = XCBuildConfiguration;
			buildSettings = {
				BUNDLE_LOADER = "$(TEST_HOST)";
				INFOPLIST_FILE = RegFormTests/Info.plist;
				LD_RUNPATH_SEARCH_PATHS = "$(inherited) @executable_path/Frameworks @loader_path/Frameworks";
				PRODUCT_BUNDLE_IDENTIFIER = com.tursi.RegFormTests;
				PRODUCT_NAME = "$(TARGET_NAME)";
				TEST_HOST = "$(BUILT_PRODUCTS_DIR)/RegForm.app/RegForm";
			};
			name = Release;
		};
/* End XCBuildConfiguration section */

/* Begin XCConfigurationList section */
		9A88CDA91D248CED00FA1B88 /* Build configuration list for PBXProject "RegForm" */ = {
			isa = XCConfigurationList;
			buildConfigurations = (
				9A88CDC91D248CED00FA1B88 /* Debug */,
				9A88CDCA1D248CED00FA1B88 /* Release */,
			);
			defaultConfigurationIsVisible = 0;
			defaultConfigurationName = Release;
		};
		9A88CDCB1D248CED00FA1B88 /* Build configuration list for PBXNativeTarget "RegForm" */ = {
			isa = XCConfigurationList;
			buildConfigurations = (
				9A88CDCC1D248CED00FA1B88 /* Debug */,
				9A88CDCD1D248CED00FA1B88 /* Release */,
			);
			defaultConfigurationIsVisible = 0;
		};
		9A88CDCE1D248CED00FA1B88 /* Build configuration list for PBXNativeTarget "RegFormTests" */ = {
			isa = XCConfigurationList;
			buildConfigurations = (
				9A88CDCF1D248CED00FA1B88 /* Debug */,
				9A88CDD01D248CED00FA1B88 /* Release */,
			);
			defaultConfigurationIsVisible = 0;
		};
/* End XCConfigurationList section */
	};
	rootObject = 9A88CDA61D248CED00FA1B88 /* Project object */;
}
